PODS:
  - Alamofire (3.4.2)
  - DOHamburgerButton (0.0.1)
  - HxColor (2.0.0)
  - KFSwiftImageLoader (2.0.1)
  - PKHUD (3.2.1)
  - SwiftyJSON (2.3.2)

DEPENDENCIES:
  - Alamofire
  - DOHamburgerButton
  - HxColor
  - KFSwiftImageLoader
  - PKHUD
  - SwiftyJSON

SPEC CHECKSUMS:
  Alamofire: 6aa33201d20d069e1598891cf928883ff1888c7a
  DOHamburgerButton: 2afce23a99d7cb629bf65cd04c102fff962caab8
  HxColor: dbf82e4363eaef1314f683514e8bb2716a00554d
  KFSwiftImageLoader: a2b8a33a89116c767e7af8d2c109e8c483037b19
  PKHUD: 001c11518f125a273ddf026bcc64918423744ea2
  SwiftyJSON: 04ccea08915aa0109039157c7974cf0298da292a

PODFILE CHECKSUM: 3386548193f1f5687aafb78625a82683e60f1a39

COCOAPODS: 1.0.1
