// !$*UTF8*$!
{
	archiveVersion = 1;
	classes = {
	};
	objectVersion = 46;
	objects = {

/* Begin PBXBuildFile section */
		040166811BF183CD0014FE31 /* UserInfoViewModel.swift in Sources */ = {isa = PBXBuildFile; fileRef = 040166801BF183CD0014FE31 /* UserInfoViewModel.swift */; };
		04023A861C11957D00CFA7CF /* Info-watchOS.plist in Resources */ = {isa = PBXBuildFile; fileRef = 04023A801C11957D00CFA7CF /* Info-watchOS.plist */; };
		04023A871C11957D00CFA7CF /* SwiftyJSON.swift in Sources */ = {isa = PBXBuildFile; fileRef = 04023A821C11957D00CFA7CF /* SwiftyJSON.swift */; };
		0403EE841BFB22C400BB3EB3 /* AddMenuCollectionViewCell.swift in Sources */ = {isa = PBXBuildFile; fileRef = 0403EE831BFB22C400BB3EB3 /* AddMenuCollectionViewCell.swift */; };
		042C630B1C0D944200418FD1 /* Interface.storyboard in Resources */ = {isa = PBXBuildFile; fileRef = 042C63091C0D944200418FD1 /* Interface.storyboard */; };
		042C630D1C0D944200418FD1 /* Assets.xcassets in Resources */ = {isa = PBXBuildFile; fileRef = 042C630C1C0D944200418FD1 /* Assets.xcassets */; };
		042C63141C0D944300418FD1 /* AggregateWatch Extension.appex in Embed App Extensions */ = {isa = PBXBuildFile; fileRef = 042C63131C0D944300418FD1 /* AggregateWatch Extension.appex */; settings = {ATTRIBUTES = (RemoveHeadersOnCopy, ); }; };
		042C631B1C0D944300418FD1 /* InterfaceController.swift in Sources */ = {isa = PBXBuildFile; fileRef = 042C631A1C0D944300418FD1 /* InterfaceController.swift */; };
		042C631D1C0D944300418FD1 /* ExtensionDelegate.swift in Sources */ = {isa = PBXBuildFile; fileRef = 042C631C1C0D944300418FD1 /* ExtensionDelegate.swift */; };
		042C631F1C0D944300418FD1 /* NotificationController.swift in Sources */ = {isa = PBXBuildFile; fileRef = 042C631E1C0D944300418FD1 /* NotificationController.swift */; };
		042C63211C0D944300418FD1 /* GlanceController.swift in Sources */ = {isa = PBXBuildFile; fileRef = 042C63201C0D944300418FD1 /* GlanceController.swift */; };
		042C63231C0D944300418FD1 /* ComplicationController.swift in Sources */ = {isa = PBXBuildFile; fileRef = 042C63221C0D944300418FD1 /* ComplicationController.swift */; };
		042C63251C0D944300418FD1 /* Assets.xcassets in Resources */ = {isa = PBXBuildFile; fileRef = 042C63241C0D944300418FD1 /* Assets.xcassets */; };
		042C63291C0D944300418FD1 /* AggregateWatch.app in Embed Watch Content */ = {isa = PBXBuildFile; fileRef = 042C63071C0D944200418FD1 /* AggregateWatch.app */; };
		0431D1631BFC62340005CD79 /* AggregateList.plist in Resources */ = {isa = PBXBuildFile; fileRef = 0431D1621BFC62340005CD79 /* AggregateList.plist */; };
		044A65751BEC54DE00DAC5AF /* libz.tbd in Frameworks */ = {isa = PBXBuildFile; fileRef = 044A65741BEC54DE00DAC5AF /* libz.tbd */; };
		044A65771BEC550700DAC5AF /* libicucore.tbd in Frameworks */ = {isa = PBXBuildFile; fileRef = 044A65761BEC550700DAC5AF /* libicucore.tbd */; };
		044A65791BEC551E00DAC5AF /* libstdc++.tbd in Frameworks */ = {isa = PBXBuildFile; fileRef = 044A65781BEC551E00DAC5AF /* libstdc++.tbd */; };
		044A657B1BEC552700DAC5AF /* JavaScriptCore.framework in Frameworks */ = {isa = PBXBuildFile; fileRef = 044A657A1BEC552700DAC5AF /* JavaScriptCore.framework */; };
		044A657D1BEC553900DAC5AF /* libsqlite3.tbd in Frameworks */ = {isa = PBXBuildFile; fileRef = 044A657C1BEC553900DAC5AF /* libsqlite3.tbd */; };
		044DDA5E1C1014410013270A /* Node.swift in Sources */ = {isa = PBXBuildFile; fileRef = 044DDA5A1C1014410013270A /* Node.swift */; };
		044DDA5F1C1014410013270A /* Replies.swift in Sources */ = {isa = PBXBuildFile; fileRef = 044DDA5B1C1014410013270A /* Replies.swift */; };
		044DDA601C1014410013270A /* Topic.swift in Sources */ = {isa = PBXBuildFile; fileRef = 044DDA5C1C1014410013270A /* Topic.swift */; };
		044DDA611C1014410013270A /* User.swift in Sources */ = {isa = PBXBuildFile; fileRef = 044DDA5D1C1014410013270A /* User.swift */; };
		044DDA661C10149E0013270A /* Node.swift in Sources */ = {isa = PBXBuildFile; fileRef = 044DDA631C10149E0013270A /* Node.swift */; };
		044DDA671C10149E0013270A /* Replies.swift in Sources */ = {isa = PBXBuildFile; fileRef = 044DDA641C10149E0013270A /* Replies.swift */; };
		044DDA681C10149E0013270A /* Topic.swift in Sources */ = {isa = PBXBuildFile; fileRef = 044DDA651C10149E0013270A /* Topic.swift */; };
		046A5CCC1C11440700BFDC23 /* HomeViewModel.swift in Sources */ = {isa = PBXBuildFile; fileRef = 046A5CCB1C11440700BFDC23 /* HomeViewModel.swift */; };
		046A5DF71C1147D200BFDC23 /* NetDataManager.swift in Sources */ = {isa = PBXBuildFile; fileRef = 046A5DF61C1147D200BFDC23 /* NetDataManager.swift */; };
		046DA6C11BE31F2D0076DDB9 /* TopicDetailTableViewController.swift in Sources */ = {isa = PBXBuildFile; fileRef = 046DA6C01BE31F2D0076DDB9 /* TopicDetailTableViewController.swift */; };
		046DA6C31BE322980076DDB9 /* TopicDetailTableViewCell.swift in Sources */ = {isa = PBXBuildFile; fileRef = 046DA6C21BE322980076DDB9 /* TopicDetailTableViewCell.swift */; };
		046DA6C51BE364DC0076DDB9 /* TopicDetailViewModel.swift in Sources */ = {isa = PBXBuildFile; fileRef = 046DA6C41BE364DC0076DDB9 /* TopicDetailViewModel.swift */; };
		04842AA81BF07C79000280AF /* V2EXInfoViewController.swift in Sources */ = {isa = PBXBuildFile; fileRef = 04842AA71BF07C79000280AF /* V2EXInfoViewController.swift */; };
		04842AAA1BF089F6000280AF /* UserInfoViewController.swift in Sources */ = {isa = PBXBuildFile; fileRef = 04842AA91BF089F6000280AF /* UserInfoViewController.swift */; };
		04842AAC1BF08B55000280AF /* UserInfoTableViewCell.swift in Sources */ = {isa = PBXBuildFile; fileRef = 04842AAB1BF08B55000280AF /* UserInfoTableViewCell.swift */; };
		048E8EE61BD876FA006124FB /* Menu.storyboard in Resources */ = {isa = PBXBuildFile; fileRef = 048E8EE51BD876FA006124FB /* Menu.storyboard */; };
		048E8EE81BD87766006124FB /* Main.storyboard in Resources */ = {isa = PBXBuildFile; fileRef = 048E8EE71BD87766006124FB /* Main.storyboard */; };
		048E8EEB1BD8811D006124FB /* HomeViewModel.swift in Sources */ = {isa = PBXBuildFile; fileRef = 048E8EEA1BD8811D006124FB /* HomeViewModel.swift */; };
		048E8EF61BD8BECE006124FB /* NodeInfo+CoreDataProperties.swift in Sources */ = {isa = PBXBuildFile; fileRef = 048E8EEE1BD8BECE006124FB /* NodeInfo+CoreDataProperties.swift */; };
		048E8EF71BD8BECE006124FB /* NodeInfo.swift in Sources */ = {isa = PBXBuildFile; fileRef = 048E8EEF1BD8BECE006124FB /* NodeInfo.swift */; };
		048E8EF81BD8BECE006124FB /* UserInfo+CoreDataProperties.swift in Sources */ = {isa = PBXBuildFile; fileRef = 048E8EF01BD8BECE006124FB /* UserInfo+CoreDataProperties.swift */; };
		048E8EF91BD8BECE006124FB /* UserInfo.swift in Sources */ = {isa = PBXBuildFile; fileRef = 048E8EF11BD8BECE006124FB /* UserInfo.swift */; };
		04923EC41BF9B64C00CEB7CB /* TencentOpenAPI.framework in Frameworks */ = {isa = PBXBuildFile; fileRef = 04923EA71BF9B64C00CEB7CB /* TencentOpenAPI.framework */; };
		04923EC51BF9B64C00CEB7CB /* TencentOpenApi_IOS_Bundle.bundle in Resources */ = {isa = PBXBuildFile; fileRef = 04923EA81BF9B64C00CEB7CB /* TencentOpenApi_IOS_Bundle.bundle */; };
		04923EC61BF9B64C00CEB7CB /* libWeiboSDK.a in Frameworks */ = {isa = PBXBuildFile; fileRef = 04923EAA1BF9B64C00CEB7CB /* libWeiboSDK.a */; };
		04923EC71BF9B64C00CEB7CB /* WeiboSDK.bundle in Resources */ = {isa = PBXBuildFile; fileRef = 04923EB41BF9B64C00CEB7CB /* WeiboSDK.bundle */; };
		04923EC81BF9B64C00CEB7CB /* libWeChatSDK.a in Frameworks */ = {isa = PBXBuildFile; fileRef = 04923EB81BF9B64C00CEB7CB /* libWeChatSDK.a */; };
		04923EC91BF9B64C00CEB7CB /* read_me.txt in Resources */ = {isa = PBXBuildFile; fileRef = 04923EB91BF9B64C00CEB7CB /* read_me.txt */; };
		04923ECA1BF9B64C00CEB7CB /* MOBFoundation.framework in Frameworks */ = {isa = PBXBuildFile; fileRef = 04923EBC1BF9B64C00CEB7CB /* MOBFoundation.framework */; };
		04923ECB1BF9B64C00CEB7CB /* ShareSDK.bundle in Resources */ = {isa = PBXBuildFile; fileRef = 04923EBD1BF9B64C00CEB7CB /* ShareSDK.bundle */; };
		04923ECC1BF9B64C00CEB7CB /* ShareSDK.framework in Frameworks */ = {isa = PBXBuildFile; fileRef = 04923EBE1BF9B64C00CEB7CB /* ShareSDK.framework */; };
		04923ECD1BF9B64C00CEB7CB /* ShareSDKConnector.framework in Frameworks */ = {isa = PBXBuildFile; fileRef = 04923EBF1BF9B64C00CEB7CB /* ShareSDKConnector.framework */; };
		04923ECE1BF9B64C00CEB7CB /* ShareSDKExtension.framework in Frameworks */ = {isa = PBXBuildFile; fileRef = 04923EC01BF9B64C00CEB7CB /* ShareSDKExtension.framework */; };
		04923ECF1BF9B64C00CEB7CB /* ShareSDKInterfaceAdapter.framework in Frameworks */ = {isa = PBXBuildFile; fileRef = 04923EC11BF9B64C00CEB7CB /* ShareSDKInterfaceAdapter.framework */; };
		04923ED01BF9B64C00CEB7CB /* ShareSDKUI.bundle in Resources */ = {isa = PBXBuildFile; fileRef = 04923EC21BF9B64C00CEB7CB /* ShareSDKUI.bundle */; };
		04923ED11BF9B64C00CEB7CB /* ShareSDKUI.framework in Frameworks */ = {isa = PBXBuildFile; fileRef = 04923EC31BF9B64C00CEB7CB /* ShareSDKUI.framework */; };
		04923ED61BF9D2E400CEB7CB /* AddMenuCollectionViewController.swift in Sources */ = {isa = PBXBuildFile; fileRef = 04923ED51BF9D2E400CEB7CB /* AddMenuCollectionViewController.swift */; };
		04C91C4A1BDE1127002C758B /* ImageLoader.swift in Sources */ = {isa = PBXBuildFile; fileRef = 04C91C491BDE1126002C758B /* ImageLoader.swift */; };
		04C91C511BDE1D50002C758B /* AllNodeViewModel.swift in Sources */ = {isa = PBXBuildFile; fileRef = 04C91C501BDE1D50002C758B /* AllNodeViewModel.swift */; };
		04D4FB111C0EDF76007C0A70 /* TopicListInterfaceController.swift in Sources */ = {isa = PBXBuildFile; fileRef = 04D4FB101C0EDF76007C0A70 /* TopicListInterfaceController.swift */; };
		04D4FB131C0EDF8D007C0A70 /* TopicContentInterfaceController.swift in Sources */ = {isa = PBXBuildFile; fileRef = 04D4FB121C0EDF8D007C0A70 /* TopicContentInterfaceController.swift */; };
		04D4FB161C0EE010007C0A70 /* NodeListRowController.swift in Sources */ = {isa = PBXBuildFile; fileRef = 04D4FB151C0EE010007C0A70 /* NodeListRowController.swift */; };
		04D4FB181C0EE02A007C0A70 /* TopicListRowController.swift in Sources */ = {isa = PBXBuildFile; fileRef = 04D4FB171C0EE02A007C0A70 /* TopicListRowController.swift */; };
		04D4FB1A1C0EE041007C0A70 /* TopicContentRowController.swift in Sources */ = {isa = PBXBuildFile; fileRef = 04D4FB191C0EE041007C0A70 /* TopicContentRowController.swift */; };
		04FC878A1BD8DF9F00FDF5A6 /* TopicTableViewCell.swift in Sources */ = {isa = PBXBuildFile; fileRef = 04FC87891BD8DF9F00FDF5A6 /* TopicTableViewCell.swift */; };
		59A8633F00FE70AB8385533C /* Pods.framework in Frameworks */ = {isa = PBXBuildFile; fileRef = CA0D4E6D70E3C90ACD939C53 /* Pods.framework */; settings = {ATTRIBUTES = (Weak, ); }; };
		DE0129AD1BCE5A9F0039B643 /* AllNodeViewController.swift in Sources */ = {isa = PBXBuildFile; fileRef = DE0129AC1BCE5A9F0039B643 /* AllNodeViewController.swift */; };
		DE0EC3DB1BC7678700F517AF /* JVFloatingDrawerSpringAnimator.m in Sources */ = {isa = PBXBuildFile; fileRef = DE0EC3D61BC7678700F517AF /* JVFloatingDrawerSpringAnimator.m */; };
		DE0EC3DC1BC7678700F517AF /* JVFloatingDrawerView.m in Sources */ = {isa = PBXBuildFile; fileRef = DE0EC3D81BC7678700F517AF /* JVFloatingDrawerView.m */; };
		DE0EC3DD1BC7678700F517AF /* JVFloatingDrawerViewController.m in Sources */ = {isa = PBXBuildFile; fileRef = DE0EC3DA1BC7678700F517AF /* JVFloatingDrawerViewController.m */; };
		DE0EC3DF1BC7699F00F517AF /* HomeViewController.swift in Sources */ = {isa = PBXBuildFile; fileRef = DE0EC3DE1BC7699F00F517AF /* HomeViewController.swift */; };
		DE0EC3E11BC78C6200F517AF /* MainDrawViewController.swift in Sources */ = {isa = PBXBuildFile; fileRef = DE0EC3E01BC78C6200F517AF /* MainDrawViewController.swift */; };
		DE15732A1BC6409F000A88AA /* AppDelegate.swift in Sources */ = {isa = PBXBuildFile; fileRef = DE1573291BC6409F000A88AA /* AppDelegate.swift */; };
		DE15732C1BC6409F000A88AA /* ViewController.swift in Sources */ = {isa = PBXBuildFile; fileRef = DE15732B1BC6409F000A88AA /* ViewController.swift */; };
		DE1573321BC6409F000A88AA /* Aggregate.xcdatamodeld in Sources */ = {isa = PBXBuildFile; fileRef = DE1573301BC6409F000A88AA /* Aggregate.xcdatamodeld */; };
		DE1573341BC6409F000A88AA /* Assets.xcassets in Resources */ = {isa = PBXBuildFile; fileRef = DE1573331BC6409F000A88AA /* Assets.xcassets */; };
		DE1573371BC6409F000A88AA /* LaunchScreen.storyboard in Resources */ = {isa = PBXBuildFile; fileRef = DE1573351BC6409F000A88AA /* LaunchScreen.storyboard */; };
		DE1573421BC6409F000A88AA /* AggregateTests.swift in Sources */ = {isa = PBXBuildFile; fileRef = DE1573411BC6409F000A88AA /* AggregateTests.swift */; };
		DE15734D1BC6409F000A88AA /* AggregateUITests.swift in Sources */ = {isa = PBXBuildFile; fileRef = DE15734C1BC6409F000A88AA /* AggregateUITests.swift */; };
		DE1573601BC66AB5000A88AA /* thirdParty.m in Sources */ = {isa = PBXBuildFile; fileRef = DE15735F1BC66AB5000A88AA /* thirdParty.m */; };
		DE1573751BC66B1A000A88AA /* SMMasterViewController.m in Sources */ = {isa = PBXBuildFile; fileRef = DE1573691BC66B1A000A88AA /* SMMasterViewController.m */; };
		DE1573761BC66B1A000A88AA /* SMTabBar.m in Sources */ = {isa = PBXBuildFile; fileRef = DE15736C1BC66B1A000A88AA /* SMTabBar.m */; };
		DE1573771BC66B1A000A88AA /* SMTabBarItem.m in Sources */ = {isa = PBXBuildFile; fileRef = DE15736F1BC66B1A000A88AA /* SMTabBarItem.m */; };
		DE1573781BC66B1A000A88AA /* SMTabBarItemCell.m in Sources */ = {isa = PBXBuildFile; fileRef = DE1573711BC66B1A000A88AA /* SMTabBarItemCell.m */; };
		DE1573791BC66B1A000A88AA /* SMTabbedSplitViewController.m in Sources */ = {isa = PBXBuildFile; fileRef = DE1573731BC66B1A000A88AA /* SMTabbedSplitViewController.m */; };
		DE6B45971BCB653700E9D80E /* NodeCollectionViewCell.swift in Sources */ = {isa = PBXBuildFile; fileRef = DE6B45961BCB653700E9D80E /* NodeCollectionViewCell.swift */; };
		DE6B45BC1BCBB54F00E9D80E /* NetDataManager.swift in Sources */ = {isa = PBXBuildFile; fileRef = DE6B45BB1BCBB54F00E9D80E /* NetDataManager.swift */; };
		DEE66EB11BCF46180021661F /* NodeListView.swift in Sources */ = {isa = PBXBuildFile; fileRef = DEE66EB01BCF46180021661F /* NodeListView.swift */; };
/* End PBXBuildFile section */

/* Begin PBXContainerItemProxy section */
		042C63151C0D944300418FD1 /* PBXContainerItemProxy */ = {
			isa = PBXContainerItemProxy;
			containerPortal = DE15731E1BC6409E000A88AA /* Project object */;
			proxyType = 1;
			remoteGlobalIDString = 042C63121C0D944300418FD1;
			remoteInfo = "AggregateWatch Extension";
		};
		042C63271C0D944300418FD1 /* PBXContainerItemProxy */ = {
			isa = PBXContainerItemProxy;
			containerPortal = DE15731E1BC6409E000A88AA /* Project object */;
			proxyType = 1;
			remoteGlobalIDString = 042C63061C0D944200418FD1;
			remoteInfo = AggregateWatch;
		};
		044C21851C0FE9B3005BDC28 /* PBXContainerItemProxy */ = {
			isa = PBXContainerItemProxy;
			containerPortal = DE15731E1BC6409E000A88AA /* Project object */;
			proxyType = 1;
			remoteGlobalIDString = DE1573251BC6409F000A88AA;
			remoteInfo = Aggregate;
		};
		DE15733E1BC6409F000A88AA /* PBXContainerItemProxy */ = {
			isa = PBXContainerItemProxy;
			containerPortal = DE15731E1BC6409E000A88AA /* Project object */;
			proxyType = 1;
			remoteGlobalIDString = DE1573251BC6409F000A88AA;
			remoteInfo = Aggregate;
		};
		DE1573491BC6409F000A88AA /* PBXContainerItemProxy */ = {
			isa = PBXContainerItemProxy;
			containerPortal = DE15731E1BC6409E000A88AA /* Project object */;
			proxyType = 1;
			remoteGlobalIDString = DE1573251BC6409F000A88AA;
			remoteInfo = Aggregate;
		};
/* End PBXContainerItemProxy section */

/* Begin PBXCopyFilesBuildPhase section */
		042C632F1C0D944300418FD1 /* Embed App Extensions */ = {
			isa = PBXCopyFilesBuildPhase;
			buildActionMask = 2147483647;
			dstPath = "";
			dstSubfolderSpec = 13;
			files = (
				042C63141C0D944300418FD1 /* AggregateWatch Extension.appex in Embed App Extensions */,
			);
			name = "Embed App Extensions";
			runOnlyForDeploymentPostprocessing = 0;
		};
		042C63311C0D944300418FD1 /* Embed Watch Content */ = {
			isa = PBXCopyFilesBuildPhase;
			buildActionMask = 2147483647;
			dstPath = "$(CONTENTS_FOLDER_PATH)/Watch";
			dstSubfolderSpec = 16;
			files = (
				042C63291C0D944300418FD1 /* AggregateWatch.app in Embed Watch Content */,
			);
			name = "Embed Watch Content";
			runOnlyForDeploymentPostprocessing = 0;
		};
		044C21941C0FE9B5005BDC28 /* Embed Frameworks */ = {
			isa = PBXCopyFilesBuildPhase;
			buildActionMask = 2147483647;
			dstPath = "";
			dstSubfolderSpec = 10;
			files = (
			);
			name = "Embed Frameworks";
			runOnlyForDeploymentPostprocessing = 0;
		};
		044C21A71C0FEA83005BDC28 /* Embed Frameworks */ = {
			isa = PBXCopyFilesBuildPhase;
			buildActionMask = 2147483647;
			dstPath = "";
			dstSubfolderSpec = 10;
			files = (
			);
			name = "Embed Frameworks";
			runOnlyForDeploymentPostprocessing = 0;
		};
/* End PBXCopyFilesBuildPhase section */

/* Begin PBXFileReference section */
		040166801BF183CD0014FE31 /* UserInfoViewModel.swift */ = {isa = PBXFileReference; fileEncoding = 4; lastKnownFileType = sourcecode.swift; path = UserInfoViewModel.swift; sourceTree = "<group>"; };
		04023A771C118F3300CFA7CF /* Pods.framework */ = {isa = PBXFileReference; lastKnownFileType = wrapper.framework; name = Pods.framework; path = "Pods/../build/Debug-iphoneos/Pods.framework"; sourceTree = "<group>"; };
		04023A791C118F8D00CFA7CF /* Alamofire.framework */ = {isa = PBXFileReference; lastKnownFileType = wrapper.framework; name = Alamofire.framework; path = "Pods/../build/Debug-iphoneos/Alamofire.framework"; sourceTree = "<group>"; };
		04023A7B1C118F9100CFA7CF /* SwiftyJSON.framework */ = {isa = PBXFileReference; lastKnownFileType = wrapper.framework; name = SwiftyJSON.framework; path = "Pods/../build/Debug-iphoneos/SwiftyJSON.framework"; sourceTree = "<group>"; };
		04023A801C11957D00CFA7CF /* Info-watchOS.plist */ = {isa = PBXFileReference; fileEncoding = 4; lastKnownFileType = text.plist.xml; path = "Info-watchOS.plist"; sourceTree = "<group>"; };
		04023A811C11957D00CFA7CF /* SwiftyJSON.h */ = {isa = PBXFileReference; fileEncoding = 4; lastKnownFileType = sourcecode.c.h; path = SwiftyJSON.h; sourceTree = "<group>"; };
		04023A821C11957D00CFA7CF /* SwiftyJSON.swift */ = {isa = PBXFileReference; fileEncoding = 4; lastKnownFileType = sourcecode.swift; path = SwiftyJSON.swift; sourceTree = "<group>"; };
		0403EE831BFB22C400BB3EB3 /* AddMenuCollectionViewCell.swift */ = {isa = PBXFileReference; fileEncoding = 4; lastKnownFileType = sourcecode.swift; path = AddMenuCollectionViewCell.swift; sourceTree = "<group>"; };
		042C63071C0D944200418FD1 /* AggregateWatch.app */ = {isa = PBXFileReference; explicitFileType = wrapper.application; includeInIndex = 0; path = AggregateWatch.app; sourceTree = BUILT_PRODUCTS_DIR; };
		042C630A1C0D944200418FD1 /* Base */ = {isa = PBXFileReference; lastKnownFileType = file.storyboard; name = Base; path = Base.lproj/Interface.storyboard; sourceTree = "<group>"; };
		042C630C1C0D944200418FD1 /* Assets.xcassets */ = {isa = PBXFileReference; lastKnownFileType = folder.assetcatalog; path = Assets.xcassets; sourceTree = "<group>"; };
		042C630E1C0D944200418FD1 /* Info.plist */ = {isa = PBXFileReference; lastKnownFileType = text.plist.xml; path = Info.plist; sourceTree = "<group>"; };
		042C63131C0D944300418FD1 /* AggregateWatch Extension.appex */ = {isa = PBXFileReference; explicitFileType = "wrapper.app-extension"; includeInIndex = 0; path = "AggregateWatch Extension.appex"; sourceTree = BUILT_PRODUCTS_DIR; };
		042C63191C0D944300418FD1 /* PushNotificationPayload.apns */ = {isa = PBXFileReference; lastKnownFileType = text; path = PushNotificationPayload.apns; sourceTree = "<group>"; };
		042C631A1C0D944300418FD1 /* InterfaceController.swift */ = {isa = PBXFileReference; lastKnownFileType = sourcecode.swift; path = InterfaceController.swift; sourceTree = "<group>"; };
		042C631C1C0D944300418FD1 /* ExtensionDelegate.swift */ = {isa = PBXFileReference; lastKnownFileType = sourcecode.swift; path = ExtensionDelegate.swift; sourceTree = "<group>"; };
		042C631E1C0D944300418FD1 /* NotificationController.swift */ = {isa = PBXFileReference; lastKnownFileType = sourcecode.swift; path = NotificationController.swift; sourceTree = "<group>"; };
		042C63201C0D944300418FD1 /* GlanceController.swift */ = {isa = PBXFileReference; lastKnownFileType = sourcecode.swift; path = GlanceController.swift; sourceTree = "<group>"; };
		042C63221C0D944300418FD1 /* ComplicationController.swift */ = {isa = PBXFileReference; lastKnownFileType = sourcecode.swift; path = ComplicationController.swift; sourceTree = "<group>"; };
		042C63241C0D944300418FD1 /* Assets.xcassets */ = {isa = PBXFileReference; lastKnownFileType = folder.assetcatalog; path = Assets.xcassets; sourceTree = "<group>"; };
		042C63261C0D944300418FD1 /* Info.plist */ = {isa = PBXFileReference; lastKnownFileType = text.plist.xml; path = Info.plist; sourceTree = "<group>"; };
		0431D1621BFC62340005CD79 /* AggregateList.plist */ = {isa = PBXFileReference; fileEncoding = 4; lastKnownFileType = text.plist.xml; path = AggregateList.plist; sourceTree = "<group>"; };
		044A65721BEC54CE00DAC5AF /* libicucore.A.tbd */ = {isa = PBXFileReference; lastKnownFileType = "sourcecode.text-based-dylib-definition"; name = libicucore.A.tbd; path = usr/lib/libicucore.A.tbd; sourceTree = SDKROOT; };
		044A65741BEC54DE00DAC5AF /* libz.tbd */ = {isa = PBXFileReference; lastKnownFileType = "sourcecode.text-based-dylib-definition"; name = libz.tbd; path = usr/lib/libz.tbd; sourceTree = SDKROOT; };
		044A65761BEC550700DAC5AF /* libicucore.tbd */ = {isa = PBXFileReference; lastKnownFileType = "sourcecode.text-based-dylib-definition"; name = libicucore.tbd; path = usr/lib/libicucore.tbd; sourceTree = SDKROOT; };
		044A65781BEC551E00DAC5AF /* libstdc++.tbd */ = {isa = PBXFileReference; lastKnownFileType = "sourcecode.text-based-dylib-definition"; name = "libstdc++.tbd"; path = "usr/lib/libstdc++.tbd"; sourceTree = SDKROOT; };
		044A657A1BEC552700DAC5AF /* JavaScriptCore.framework */ = {isa = PBXFileReference; lastKnownFileType = wrapper.framework; name = JavaScriptCore.framework; path = System/Library/Frameworks/JavaScriptCore.framework; sourceTree = SDKROOT; };
		044A657C1BEC553900DAC5AF /* libsqlite3.tbd */ = {isa = PBXFileReference; lastKnownFileType = "sourcecode.text-based-dylib-definition"; name = libsqlite3.tbd; path = usr/lib/libsqlite3.tbd; sourceTree = SDKROOT; };
		044C21811C0FE9B3005BDC28 /* AggregateModelKitTests.xctest */ = {isa = PBXFileReference; explicitFileType = wrapper.cfbundle; includeInIndex = 0; path = AggregateModelKitTests.xctest; sourceTree = BUILT_PRODUCTS_DIR; };
		044DDA5A1C1014410013270A /* Node.swift */ = {isa = PBXFileReference; fileEncoding = 4; lastKnownFileType = sourcecode.swift; path = Node.swift; sourceTree = "<group>"; };
		044DDA5B1C1014410013270A /* Replies.swift */ = {isa = PBXFileReference; fileEncoding = 4; lastKnownFileType = sourcecode.swift; path = Replies.swift; sourceTree = "<group>"; };
		044DDA5C1C1014410013270A /* Topic.swift */ = {isa = PBXFileReference; fileEncoding = 4; lastKnownFileType = sourcecode.swift; path = Topic.swift; sourceTree = "<group>"; };
		044DDA5D1C1014410013270A /* User.swift */ = {isa = PBXFileReference; fileEncoding = 4; lastKnownFileType = sourcecode.swift; path = User.swift; sourceTree = "<group>"; };
		044DDA631C10149E0013270A /* Node.swift */ = {isa = PBXFileReference; fileEncoding = 4; lastKnownFileType = sourcecode.swift; path = Node.swift; sourceTree = "<group>"; };
		044DDA641C10149E0013270A /* Replies.swift */ = {isa = PBXFileReference; fileEncoding = 4; lastKnownFileType = sourcecode.swift; path = Replies.swift; sourceTree = "<group>"; };
		044DDA651C10149E0013270A /* Topic.swift */ = {isa = PBXFileReference; fileEncoding = 4; lastKnownFileType = sourcecode.swift; path = Topic.swift; sourceTree = "<group>"; };
		046A5CCB1C11440700BFDC23 /* HomeViewModel.swift */ = {isa = PBXFileReference; fileEncoding = 4; lastKnownFileType = sourcecode.swift; path = HomeViewModel.swift; sourceTree = "<group>"; };
		046A5DF61C1147D200BFDC23 /* NetDataManager.swift */ = {isa = PBXFileReference; fileEncoding = 4; lastKnownFileType = sourcecode.swift; path = NetDataManager.swift; sourceTree = "<group>"; };
		046DA6C01BE31F2D0076DDB9 /* TopicDetailTableViewController.swift */ = {isa = PBXFileReference; fileEncoding = 4; lastKnownFileType = sourcecode.swift; path = TopicDetailTableViewController.swift; sourceTree = "<group>"; };
		046DA6C21BE322980076DDB9 /* TopicDetailTableViewCell.swift */ = {isa = PBXFileReference; fileEncoding = 4; lastKnownFileType = sourcecode.swift; path = TopicDetailTableViewCell.swift; sourceTree = "<group>"; };
		046DA6C41BE364DC0076DDB9 /* TopicDetailViewModel.swift */ = {isa = PBXFileReference; fileEncoding = 4; lastKnownFileType = sourcecode.swift; path = TopicDetailViewModel.swift; sourceTree = "<group>"; };
		04842AA71BF07C79000280AF /* V2EXInfoViewController.swift */ = {isa = PBXFileReference; fileEncoding = 4; lastKnownFileType = sourcecode.swift; path = V2EXInfoViewController.swift; sourceTree = "<group>"; };
		04842AA91BF089F6000280AF /* UserInfoViewController.swift */ = {isa = PBXFileReference; fileEncoding = 4; lastKnownFileType = sourcecode.swift; path = UserInfoViewController.swift; sourceTree = "<group>"; };
		04842AAB1BF08B55000280AF /* UserInfoTableViewCell.swift */ = {isa = PBXFileReference; fileEncoding = 4; lastKnownFileType = sourcecode.swift; path = UserInfoTableViewCell.swift; sourceTree = "<group>"; };
		048E8EE51BD876FA006124FB /* Menu.storyboard */ = {isa = PBXFileReference; fileEncoding = 4; lastKnownFileType = file.storyboard; path = Menu.storyboard; sourceTree = "<group>"; };
		048E8EE71BD87766006124FB /* Main.storyboard */ = {isa = PBXFileReference; fileEncoding = 4; lastKnownFileType = file.storyboard; path = Main.storyboard; sourceTree = "<group>"; };
		048E8EEA1BD8811D006124FB /* HomeViewModel.swift */ = {isa = PBXFileReference; fileEncoding = 4; lastKnownFileType = sourcecode.swift; path = HomeViewModel.swift; sourceTree = "<group>"; };
		048E8EEE1BD8BECE006124FB /* NodeInfo+CoreDataProperties.swift */ = {isa = PBXFileReference; fileEncoding = 4; lastKnownFileType = sourcecode.swift; path = "NodeInfo+CoreDataProperties.swift"; sourceTree = "<group>"; };
		048E8EEF1BD8BECE006124FB /* NodeInfo.swift */ = {isa = PBXFileReference; fileEncoding = 4; lastKnownFileType = sourcecode.swift; path = NodeInfo.swift; sourceTree = "<group>"; };
		048E8EF01BD8BECE006124FB /* UserInfo+CoreDataProperties.swift */ = {isa = PBXFileReference; fileEncoding = 4; lastKnownFileType = sourcecode.swift; path = "UserInfo+CoreDataProperties.swift"; sourceTree = "<group>"; };
		048E8EF11BD8BECE006124FB /* UserInfo.swift */ = {isa = PBXFileReference; fileEncoding = 4; lastKnownFileType = sourcecode.swift; path = UserInfo.swift; sourceTree = "<group>"; };
		04923EA71BF9B64C00CEB7CB /* TencentOpenAPI.framework */ = {isa = PBXFileReference; lastKnownFileType = wrapper.framework; path = TencentOpenAPI.framework; sourceTree = "<group>"; };
		04923EA81BF9B64C00CEB7CB /* TencentOpenApi_IOS_Bundle.bundle */ = {isa = PBXFileReference; lastKnownFileType = "wrapper.plug-in"; path = TencentOpenApi_IOS_Bundle.bundle; sourceTree = "<group>"; };
		04923EAA1BF9B64C00CEB7CB /* libWeiboSDK.a */ = {isa = PBXFileReference; lastKnownFileType = archive.ar; path = libWeiboSDK.a; sourceTree = "<group>"; };
		04923EAB1BF9B64C00CEB7CB /* WBHttpRequest+WeiboGame.h */ = {isa = PBXFileReference; fileEncoding = 4; lastKnownFileType = sourcecode.c.h; path = "WBHttpRequest+WeiboGame.h"; sourceTree = "<group>"; };
		04923EAC1BF9B64C00CEB7CB /* WBHttpRequest+WeiboShare.h */ = {isa = PBXFileReference; fileEncoding = 4; lastKnownFileType = sourcecode.c.h; path = "WBHttpRequest+WeiboShare.h"; sourceTree = "<group>"; };
		04923EAD1BF9B64C00CEB7CB /* WBHttpRequest+WeiboToken.h */ = {isa = PBXFileReference; fileEncoding = 4; lastKnownFileType = sourcecode.c.h; path = "WBHttpRequest+WeiboToken.h"; sourceTree = "<group>"; };
		04923EAE1BF9B64C00CEB7CB /* WBHttpRequest+WeiboUser.h */ = {isa = PBXFileReference; fileEncoding = 4; lastKnownFileType = sourcecode.c.h; path = "WBHttpRequest+WeiboUser.h"; sourceTree = "<group>"; };
		04923EAF1BF9B64C00CEB7CB /* WBHttpRequest.h */ = {isa = PBXFileReference; fileEncoding = 4; lastKnownFileType = sourcecode.c.h; path = WBHttpRequest.h; sourceTree = "<group>"; };
		04923EB01BF9B64C00CEB7CB /* WBSDKBasicButton.h */ = {isa = PBXFileReference; fileEncoding = 4; lastKnownFileType = sourcecode.c.h; path = WBSDKBasicButton.h; sourceTree = "<group>"; };
		04923EB11BF9B64C00CEB7CB /* WBSDKCommentButton.h */ = {isa = PBXFileReference; fileEncoding = 4; lastKnownFileType = sourcecode.c.h; path = WBSDKCommentButton.h; sourceTree = "<group>"; };
		04923EB21BF9B64C00CEB7CB /* WBSDKRelationshipButton.h */ = {isa = PBXFileReference; fileEncoding = 4; lastKnownFileType = sourcecode.c.h; path = WBSDKRelationshipButton.h; sourceTree = "<group>"; };
		04923EB31BF9B64C00CEB7CB /* WeiboSDK+Statistics.h */ = {isa = PBXFileReference; fileEncoding = 4; lastKnownFileType = sourcecode.c.h; path = "WeiboSDK+Statistics.h"; sourceTree = "<group>"; };
		04923EB41BF9B64C00CEB7CB /* WeiboSDK.bundle */ = {isa = PBXFileReference; lastKnownFileType = "wrapper.plug-in"; path = WeiboSDK.bundle; sourceTree = "<group>"; };
		04923EB51BF9B64C00CEB7CB /* WeiboSDK.h */ = {isa = PBXFileReference; fileEncoding = 4; lastKnownFileType = sourcecode.c.h; path = WeiboSDK.h; sourceTree = "<group>"; };
		04923EB61BF9B64C00CEB7CB /* WeiboUser.h */ = {isa = PBXFileReference; fileEncoding = 4; lastKnownFileType = sourcecode.c.h; path = WeiboUser.h; sourceTree = "<group>"; };
		04923EB81BF9B64C00CEB7CB /* libWeChatSDK.a */ = {isa = PBXFileReference; lastKnownFileType = archive.ar; path = libWeChatSDK.a; sourceTree = "<group>"; };
		04923EB91BF9B64C00CEB7CB /* read_me.txt */ = {isa = PBXFileReference; fileEncoding = 4; lastKnownFileType = text; path = read_me.txt; sourceTree = "<group>"; };
		04923EBA1BF9B64C00CEB7CB /* WXApi.h */ = {isa = PBXFileReference; fileEncoding = 4; lastKnownFileType = sourcecode.c.h; path = WXApi.h; sourceTree = "<group>"; };
		04923EBB1BF9B64C00CEB7CB /* WXApiObject.h */ = {isa = PBXFileReference; fileEncoding = 4; lastKnownFileType = sourcecode.c.h; path = WXApiObject.h; sourceTree = "<group>"; };
		04923EBC1BF9B64C00CEB7CB /* MOBFoundation.framework */ = {isa = PBXFileReference; lastKnownFileType = wrapper.framework; path = MOBFoundation.framework; sourceTree = "<group>"; };
		04923EBD1BF9B64C00CEB7CB /* ShareSDK.bundle */ = {isa = PBXFileReference; lastKnownFileType = "wrapper.plug-in"; path = ShareSDK.bundle; sourceTree = "<group>"; };
		04923EBE1BF9B64C00CEB7CB /* ShareSDK.framework */ = {isa = PBXFileReference; lastKnownFileType = wrapper.framework; path = ShareSDK.framework; sourceTree = "<group>"; };
		04923EBF1BF9B64C00CEB7CB /* ShareSDKConnector.framework */ = {isa = PBXFileReference; lastKnownFileType = wrapper.framework; path = ShareSDKConnector.framework; sourceTree = "<group>"; };
		04923EC01BF9B64C00CEB7CB /* ShareSDKExtension.framework */ = {isa = PBXFileReference; lastKnownFileType = wrapper.framework; path = ShareSDKExtension.framework; sourceTree = "<group>"; };
		04923EC11BF9B64C00CEB7CB /* ShareSDKInterfaceAdapter.framework */ = {isa = PBXFileReference; lastKnownFileType = wrapper.framework; path = ShareSDKInterfaceAdapter.framework; sourceTree = "<group>"; };
		04923EC21BF9B64C00CEB7CB /* ShareSDKUI.bundle */ = {isa = PBXFileReference; lastKnownFileType = "wrapper.plug-in"; path = ShareSDKUI.bundle; sourceTree = "<group>"; };
		04923EC31BF9B64C00CEB7CB /* ShareSDKUI.framework */ = {isa = PBXFileReference; lastKnownFileType = wrapper.framework; path = ShareSDKUI.framework; sourceTree = "<group>"; };
		04923ED51BF9D2E400CEB7CB /* AddMenuCollectionViewController.swift */ = {isa = PBXFileReference; fileEncoding = 4; lastKnownFileType = sourcecode.swift; path = AddMenuCollectionViewController.swift; sourceTree = "<group>"; };
		04C91C491BDE1126002C758B /* ImageLoader.swift */ = {isa = PBXFileReference; fileEncoding = 4; lastKnownFileType = sourcecode.swift; path = ImageLoader.swift; sourceTree = "<group>"; };
		04C91C501BDE1D50002C758B /* AllNodeViewModel.swift */ = {isa = PBXFileReference; fileEncoding = 4; lastKnownFileType = sourcecode.swift; path = AllNodeViewModel.swift; sourceTree = "<group>"; };
		04D4FB101C0EDF76007C0A70 /* TopicListInterfaceController.swift */ = {isa = PBXFileReference; fileEncoding = 4; lastKnownFileType = sourcecode.swift; path = TopicListInterfaceController.swift; sourceTree = "<group>"; };
		04D4FB121C0EDF8D007C0A70 /* TopicContentInterfaceController.swift */ = {isa = PBXFileReference; fileEncoding = 4; lastKnownFileType = sourcecode.swift; path = TopicContentInterfaceController.swift; sourceTree = "<group>"; };
		04D4FB151C0EE010007C0A70 /* NodeListRowController.swift */ = {isa = PBXFileReference; fileEncoding = 4; lastKnownFileType = sourcecode.swift; path = NodeListRowController.swift; sourceTree = "<group>"; };
		04D4FB171C0EE02A007C0A70 /* TopicListRowController.swift */ = {isa = PBXFileReference; fileEncoding = 4; lastKnownFileType = sourcecode.swift; path = TopicListRowController.swift; sourceTree = "<group>"; };
		04D4FB191C0EE041007C0A70 /* TopicContentRowController.swift */ = {isa = PBXFileReference; fileEncoding = 4; lastKnownFileType = sourcecode.swift; path = TopicContentRowController.swift; sourceTree = "<group>"; };
		04FC87891BD8DF9F00FDF5A6 /* TopicTableViewCell.swift */ = {isa = PBXFileReference; fileEncoding = 4; lastKnownFileType = sourcecode.swift; path = TopicTableViewCell.swift; sourceTree = "<group>"; };
		63C339A4FE4E777FF06D2F87 /* Pods.release.xcconfig */ = {isa = PBXFileReference; includeInIndex = 1; lastKnownFileType = text.xcconfig; name = Pods.release.xcconfig; path = "Pods/Target Support Files/Pods/Pods.release.xcconfig"; sourceTree = "<group>"; };
		CA0D4E6D70E3C90ACD939C53 /* Pods.framework */ = {isa = PBXFileReference; explicitFileType = wrapper.framework; includeInIndex = 0; path = Pods.framework; sourceTree = BUILT_PRODUCTS_DIR; };
		DE0129AC1BCE5A9F0039B643 /* AllNodeViewController.swift */ = {isa = PBXFileReference; fileEncoding = 4; lastKnownFileType = sourcecode.swift; path = AllNodeViewController.swift; sourceTree = "<group>"; };
		DE0EC3D41BC7678700F517AF /* JVFloatingDrawerAnimation.h */ = {isa = PBXFileReference; fileEncoding = 4; lastKnownFileType = sourcecode.c.h; path = JVFloatingDrawerAnimation.h; sourceTree = "<group>"; };
		DE0EC3D51BC7678700F517AF /* JVFloatingDrawerSpringAnimator.h */ = {isa = PBXFileReference; fileEncoding = 4; lastKnownFileType = sourcecode.c.h; path = JVFloatingDrawerSpringAnimator.h; sourceTree = "<group>"; };
		DE0EC3D61BC7678700F517AF /* JVFloatingDrawerSpringAnimator.m */ = {isa = PBXFileReference; fileEncoding = 4; lastKnownFileType = sourcecode.c.objc; path = JVFloatingDrawerSpringAnimator.m; sourceTree = "<group>"; };
		DE0EC3D71BC7678700F517AF /* JVFloatingDrawerView.h */ = {isa = PBXFileReference; fileEncoding = 4; lastKnownFileType = sourcecode.c.h; path = JVFloatingDrawerView.h; sourceTree = "<group>"; };
		DE0EC3D81BC7678700F517AF /* JVFloatingDrawerView.m */ = {isa = PBXFileReference; fileEncoding = 4; lastKnownFileType = sourcecode.c.objc; path = JVFloatingDrawerView.m; sourceTree = "<group>"; };
		DE0EC3D91BC7678700F517AF /* JVFloatingDrawerViewController.h */ = {isa = PBXFileReference; fileEncoding = 4; lastKnownFileType = sourcecode.c.h; path = JVFloatingDrawerViewController.h; sourceTree = "<group>"; };
		DE0EC3DA1BC7678700F517AF /* JVFloatingDrawerViewController.m */ = {isa = PBXFileReference; fileEncoding = 4; lastKnownFileType = sourcecode.c.objc; path = JVFloatingDrawerViewController.m; sourceTree = "<group>"; };
		DE0EC3DE1BC7699F00F517AF /* HomeViewController.swift */ = {isa = PBXFileReference; fileEncoding = 4; lastKnownFileType = sourcecode.swift; path = HomeViewController.swift; sourceTree = "<group>"; };
		DE0EC3E01BC78C6200F517AF /* MainDrawViewController.swift */ = {isa = PBXFileReference; fileEncoding = 4; lastKnownFileType = sourcecode.swift; path = MainDrawViewController.swift; sourceTree = "<group>"; };
		DE1573261BC6409F000A88AA /* Aggregate.app */ = {isa = PBXFileReference; explicitFileType = wrapper.application; includeInIndex = 0; path = Aggregate.app; sourceTree = BUILT_PRODUCTS_DIR; };
		DE1573291BC6409F000A88AA /* AppDelegate.swift */ = {isa = PBXFileReference; lastKnownFileType = sourcecode.swift; path = AppDelegate.swift; sourceTree = "<group>"; };
		DE15732B1BC6409F000A88AA /* ViewController.swift */ = {isa = PBXFileReference; lastKnownFileType = sourcecode.swift; path = ViewController.swift; sourceTree = "<group>"; };
		DE1573311BC6409F000A88AA /* Aggregate.xcdatamodel */ = {isa = PBXFileReference; lastKnownFileType = wrapper.xcdatamodel; path = Aggregate.xcdatamodel; sourceTree = "<group>"; };
		DE1573331BC6409F000A88AA /* Assets.xcassets */ = {isa = PBXFileReference; lastKnownFileType = folder.assetcatalog; path = Assets.xcassets; sourceTree = "<group>"; };
		DE1573361BC6409F000A88AA /* Base */ = {isa = PBXFileReference; lastKnownFileType = file.storyboard; name = Base; path = Base.lproj/LaunchScreen.storyboard; sourceTree = "<group>"; };
		DE1573381BC6409F000A88AA /* Info.plist */ = {isa = PBXFileReference; lastKnownFileType = text.plist.xml; path = Info.plist; sourceTree = "<group>"; };
		DE15733D1BC6409F000A88AA /* AggregateTests.xctest */ = {isa = PBXFileReference; explicitFileType = wrapper.cfbundle; includeInIndex = 0; path = AggregateTests.xctest; sourceTree = BUILT_PRODUCTS_DIR; };
		DE1573411BC6409F000A88AA /* AggregateTests.swift */ = {isa = PBXFileReference; lastKnownFileType = sourcecode.swift; path = AggregateTests.swift; sourceTree = "<group>"; };
		DE1573431BC6409F000A88AA /* Info.plist */ = {isa = PBXFileReference; lastKnownFileType = text.plist.xml; path = Info.plist; sourceTree = "<group>"; };
		DE1573481BC6409F000A88AA /* AggregateUITests.xctest */ = {isa = PBXFileReference; explicitFileType = wrapper.cfbundle; includeInIndex = 0; path = AggregateUITests.xctest; sourceTree = BUILT_PRODUCTS_DIR; };
		DE15734C1BC6409F000A88AA /* AggregateUITests.swift */ = {isa = PBXFileReference; lastKnownFileType = sourcecode.swift; path = AggregateUITests.swift; sourceTree = "<group>"; };
		DE15734E1BC6409F000A88AA /* Info.plist */ = {isa = PBXFileReference; lastKnownFileType = text.plist.xml; path = Info.plist; sourceTree = "<group>"; };
		DE15735E1BC66AB5000A88AA /* Aggregate-Bridging-Header.h */ = {isa = PBXFileReference; lastKnownFileType = sourcecode.c.h; path = "Aggregate-Bridging-Header.h"; sourceTree = "<group>"; };
		DE15735F1BC66AB5000A88AA /* thirdParty.m */ = {isa = PBXFileReference; fileEncoding = 4; lastKnownFileType = sourcecode.c.objc; path = thirdParty.m; sourceTree = "<group>"; };
		DE1573681BC66B1A000A88AA /* SMMasterViewController.h */ = {isa = PBXFileReference; fileEncoding = 4; lastKnownFileType = sourcecode.c.h; path = SMMasterViewController.h; sourceTree = "<group>"; };
		DE1573691BC66B1A000A88AA /* SMMasterViewController.m */ = {isa = PBXFileReference; fileEncoding = 4; lastKnownFileType = sourcecode.c.objc; path = SMMasterViewController.m; sourceTree = "<group>"; };
		DE15736B1BC66B1A000A88AA /* SMTabBar.h */ = {isa = PBXFileReference; fileEncoding = 4; lastKnownFileType = sourcecode.c.h; path = SMTabBar.h; sourceTree = "<group>"; };
		DE15736C1BC66B1A000A88AA /* SMTabBar.m */ = {isa = PBXFileReference; fileEncoding = 4; lastKnownFileType = sourcecode.c.objc; path = SMTabBar.m; sourceTree = "<group>"; };
		DE15736E1BC66B1A000A88AA /* SMTabBarItem.h */ = {isa = PBXFileReference; fileEncoding = 4; lastKnownFileType = sourcecode.c.h; path = SMTabBarItem.h; sourceTree = "<group>"; };
		DE15736F1BC66B1A000A88AA /* SMTabBarItem.m */ = {isa = PBXFileReference; fileEncoding = 4; lastKnownFileType = sourcecode.c.objc; path = SMTabBarItem.m; sourceTree = "<group>"; };
		DE1573701BC66B1A000A88AA /* SMTabBarItemCell.h */ = {isa = PBXFileReference; fileEncoding = 4; lastKnownFileType = sourcecode.c.h; path = SMTabBarItemCell.h; sourceTree = "<group>"; };
		DE1573711BC66B1A000A88AA /* SMTabBarItemCell.m */ = {isa = PBXFileReference; fileEncoding = 4; lastKnownFileType = sourcecode.c.objc; path = SMTabBarItemCell.m; sourceTree = "<group>"; };
		DE1573721BC66B1A000A88AA /* SMTabbedSplitViewController.h */ = {isa = PBXFileReference; fileEncoding = 4; lastKnownFileType = sourcecode.c.h; path = SMTabbedSplitViewController.h; sourceTree = "<group>"; };
		DE1573731BC66B1A000A88AA /* SMTabbedSplitViewController.m */ = {isa = PBXFileReference; fileEncoding = 4; lastKnownFileType = sourcecode.c.objc; path = SMTabbedSplitViewController.m; sourceTree = "<group>"; };
		DE6B45961BCB653700E9D80E /* NodeCollectionViewCell.swift */ = {isa = PBXFileReference; fileEncoding = 4; lastKnownFileType = sourcecode.swift; path = NodeCollectionViewCell.swift; sourceTree = "<group>"; };
		DE6B45BB1BCBB54F00E9D80E /* NetDataManager.swift */ = {isa = PBXFileReference; fileEncoding = 4; lastKnownFileType = sourcecode.swift; path = NetDataManager.swift; sourceTree = "<group>"; };
		DEE66EB01BCF46180021661F /* NodeListView.swift */ = {isa = PBXFileReference; fileEncoding = 4; lastKnownFileType = sourcecode.swift; path = NodeListView.swift; sourceTree = "<group>"; };
		E6F684E9DEB86D9C9D644AF3 /* Pods.debug.xcconfig */ = {isa = PBXFileReference; includeInIndex = 1; lastKnownFileType = text.xcconfig; name = Pods.debug.xcconfig; path = "Pods/Target Support Files/Pods/Pods.debug.xcconfig"; sourceTree = "<group>"; };
/* End PBXFileReference section */

/* Begin PBXFrameworksBuildPhase section */
		042C63101C0D944300418FD1 /* Frameworks */ = {
			isa = PBXFrameworksBuildPhase;
			buildActionMask = 2147483647;
			files = (
			);
			runOnlyForDeploymentPostprocessing = 0;
		};
		044C217E1C0FE9B3005BDC28 /* Frameworks */ = {
			isa = PBXFrameworksBuildPhase;
			buildActionMask = 2147483647;
			files = (
			);
			runOnlyForDeploymentPostprocessing = 0;
		};
		DE1573231BC6409F000A88AA /* Frameworks */ = {
			isa = PBXFrameworksBuildPhase;
			buildActionMask = 2147483647;
			files = (
				044A657D1BEC553900DAC5AF /* libsqlite3.tbd in Frameworks */,
				044A657B1BEC552700DAC5AF /* JavaScriptCore.framework in Frameworks */,
				04923ECA1BF9B64C00CEB7CB /* MOBFoundation.framework in Frameworks */,
				04923EC81BF9B64C00CEB7CB /* libWeChatSDK.a in Frameworks */,
				044A65791BEC551E00DAC5AF /* libstdc++.tbd in Frameworks */,
				04923ECC1BF9B64C00CEB7CB /* ShareSDK.framework in Frameworks */,
				04923EC61BF9B64C00CEB7CB /* libWeiboSDK.a in Frameworks */,
				04923ECF1BF9B64C00CEB7CB /* ShareSDKInterfaceAdapter.framework in Frameworks */,
				04923ECE1BF9B64C00CEB7CB /* ShareSDKExtension.framework in Frameworks */,
				04923ECD1BF9B64C00CEB7CB /* ShareSDKConnector.framework in Frameworks */,
				04923ED11BF9B64C00CEB7CB /* ShareSDKUI.framework in Frameworks */,
				044A65771BEC550700DAC5AF /* libicucore.tbd in Frameworks */,
				044A65751BEC54DE00DAC5AF /* libz.tbd in Frameworks */,
				04923EC41BF9B64C00CEB7CB /* TencentOpenAPI.framework in Frameworks */,
				59A8633F00FE70AB8385533C /* Pods.framework in Frameworks */,
			);
			runOnlyForDeploymentPostprocessing = 0;
		};
		DE15733A1BC6409F000A88AA /* Frameworks */ = {
			isa = PBXFrameworksBuildPhase;
			buildActionMask = 2147483647;
			files = (
			);
			runOnlyForDeploymentPostprocessing = 0;
		};
		DE1573451BC6409F000A88AA /* Frameworks */ = {
			isa = PBXFrameworksBuildPhase;
			buildActionMask = 2147483647;
			files = (
			);
			runOnlyForDeploymentPostprocessing = 0;
		};
/* End PBXFrameworksBuildPhase section */

/* Begin PBXGroup section */
		042C63081C0D944200418FD1 /* AggregateWatch */ = {
			isa = PBXGroup;
			children = (
				042C63091C0D944200418FD1 /* Interface.storyboard */,
				042C630C1C0D944200418FD1 /* Assets.xcassets */,
				042C630E1C0D944200418FD1 /* Info.plist */,
			);
			path = AggregateWatch;
			sourceTree = "<group>";
		};
		042C63171C0D944300418FD1 /* AggregateWatch Extension */ = {
			isa = PBXGroup;
			children = (
				044DDA621C1014550013270A /* Models */,
				04D4FB141C0EDFDB007C0A70 /* RowControllers */,
				04D4FB0F1C0EDECB007C0A70 /* ViewControllers */,
				046A5CCA1C11439600BFDC23 /* ViewModels */,
				042C63241C0D944300418FD1 /* Assets.xcassets */,
				042C63181C0D944300418FD1 /* Supporting Files */,
			);
			path = "AggregateWatch Extension";
			sourceTree = "<group>";
		};
		042C63181C0D944300418FD1 /* Supporting Files */ = {
			isa = PBXGroup;
			children = (
				04023A801C11957D00CFA7CF /* Info-watchOS.plist */,
				04023A811C11957D00CFA7CF /* SwiftyJSON.h */,
				04023A821C11957D00CFA7CF /* SwiftyJSON.swift */,
				046A5DF61C1147D200BFDC23 /* NetDataManager.swift */,
				042C631C1C0D944300418FD1 /* ExtensionDelegate.swift */,
				042C631E1C0D944300418FD1 /* NotificationController.swift */,
				042C63201C0D944300418FD1 /* GlanceController.swift */,
				042C63221C0D944300418FD1 /* ComplicationController.swift */,
				042C63261C0D944300418FD1 /* Info.plist */,
				042C63191C0D944300418FD1 /* PushNotificationPayload.apns */,
			);
			name = "Supporting Files";
			sourceTree = "<group>";
		};
		044DDA621C1014550013270A /* Models */ = {
			isa = PBXGroup;
			children = (
				044DDA631C10149E0013270A /* Node.swift */,
				044DDA641C10149E0013270A /* Replies.swift */,
				044DDA651C10149E0013270A /* Topic.swift */,
			);
			name = Models;
			sourceTree = "<group>";
		};
		046A5CCA1C11439600BFDC23 /* ViewModels */ = {
			isa = PBXGroup;
			children = (
				046A5CCB1C11440700BFDC23 /* HomeViewModel.swift */,
			);
			name = ViewModels;
			sourceTree = "<group>";
		};
		046DA6BF1BE31EBA0076DDB9 /* Detail */ = {
			isa = PBXGroup;
			children = (
				046DA6C01BE31F2D0076DDB9 /* TopicDetailTableViewController.swift */,
				046DA6C21BE322980076DDB9 /* TopicDetailTableViewCell.swift */,
				04842AA91BF089F6000280AF /* UserInfoViewController.swift */,
				04842AAB1BF08B55000280AF /* UserInfoTableViewCell.swift */,
			);
			name = Detail;
			sourceTree = "<group>";
		};
		048E8EE91BD88084006124FB /* ViewModels */ = {
			isa = PBXGroup;
			children = (
				048E8EEA1BD8811D006124FB /* HomeViewModel.swift */,
				04C91C501BDE1D50002C758B /* AllNodeViewModel.swift */,
				046DA6C41BE364DC0076DDB9 /* TopicDetailViewModel.swift */,
				040166801BF183CD0014FE31 /* UserInfoViewModel.swift */,
			);
			name = ViewModels;
			sourceTree = "<group>";
		};
		04923EA41BF9B64C00CEB7CB /* libraries */ = {
			isa = PBXGroup;
			children = (
				04923EA51BF9B64C00CEB7CB /* extends */,
				04923EBC1BF9B64C00CEB7CB /* MOBFoundation.framework */,
				04923EBD1BF9B64C00CEB7CB /* ShareSDK.bundle */,
				04923EBE1BF9B64C00CEB7CB /* ShareSDK.framework */,
				04923EBF1BF9B64C00CEB7CB /* ShareSDKConnector.framework */,
				04923EC01BF9B64C00CEB7CB /* ShareSDKExtension.framework */,
				04923EC11BF9B64C00CEB7CB /* ShareSDKInterfaceAdapter.framework */,
				04923EC21BF9B64C00CEB7CB /* ShareSDKUI.bundle */,
				04923EC31BF9B64C00CEB7CB /* ShareSDKUI.framework */,
			);
			path = libraries;
			sourceTree = "<group>";
		};
		04923EA51BF9B64C00CEB7CB /* extends */ = {
			isa = PBXGroup;
			children = (
				04923EA61BF9B64C00CEB7CB /* QQSDK */,
				04923EA91BF9B64C00CEB7CB /* SinaWeiboSDK */,
				04923EB71BF9B64C00CEB7CB /* WeChatSDK */,
			);
			path = extends;
			sourceTree = "<group>";
		};
		04923EA61BF9B64C00CEB7CB /* QQSDK */ = {
			isa = PBXGroup;
			children = (
				04923EA71BF9B64C00CEB7CB /* TencentOpenAPI.framework */,
				04923EA81BF9B64C00CEB7CB /* TencentOpenApi_IOS_Bundle.bundle */,
			);
			path = QQSDK;
			sourceTree = "<group>";
		};
		04923EA91BF9B64C00CEB7CB /* SinaWeiboSDK */ = {
			isa = PBXGroup;
			children = (
				04923EAA1BF9B64C00CEB7CB /* libWeiboSDK.a */,
				04923EAB1BF9B64C00CEB7CB /* WBHttpRequest+WeiboGame.h */,
				04923EAC1BF9B64C00CEB7CB /* WBHttpRequest+WeiboShare.h */,
				04923EAD1BF9B64C00CEB7CB /* WBHttpRequest+WeiboToken.h */,
				04923EAE1BF9B64C00CEB7CB /* WBHttpRequest+WeiboUser.h */,
				04923EAF1BF9B64C00CEB7CB /* WBHttpRequest.h */,
				04923EB01BF9B64C00CEB7CB /* WBSDKBasicButton.h */,
				04923EB11BF9B64C00CEB7CB /* WBSDKCommentButton.h */,
				04923EB21BF9B64C00CEB7CB /* WBSDKRelationshipButton.h */,
				04923EB31BF9B64C00CEB7CB /* WeiboSDK+Statistics.h */,
				04923EB41BF9B64C00CEB7CB /* WeiboSDK.bundle */,
				04923EB51BF9B64C00CEB7CB /* WeiboSDK.h */,
				04923EB61BF9B64C00CEB7CB /* WeiboUser.h */,
			);
			path = SinaWeiboSDK;
			sourceTree = "<group>";
		};
		04923EB71BF9B64C00CEB7CB /* WeChatSDK */ = {
			isa = PBXGroup;
			children = (
				04923EB81BF9B64C00CEB7CB /* libWeChatSDK.a */,
				04923EB91BF9B64C00CEB7CB /* read_me.txt */,
				04923EBA1BF9B64C00CEB7CB /* WXApi.h */,
				04923EBB1BF9B64C00CEB7CB /* WXApiObject.h */,
			);
			path = WeChatSDK;
			sourceTree = "<group>";
		};
		04923ED41BF9D28400CEB7CB /* MenuList */ = {
			isa = PBXGroup;
			children = (
				04842AA71BF07C79000280AF /* V2EXInfoViewController.swift */,
			);
			name = MenuList;
			sourceTree = "<group>";
		};
		04D4FB0F1C0EDECB007C0A70 /* ViewControllers */ = {
			isa = PBXGroup;
			children = (
				042C631A1C0D944300418FD1 /* InterfaceController.swift */,
				04D4FB101C0EDF76007C0A70 /* TopicListInterfaceController.swift */,
				04D4FB121C0EDF8D007C0A70 /* TopicContentInterfaceController.swift */,
			);
			name = ViewControllers;
			sourceTree = "<group>";
		};
		04D4FB141C0EDFDB007C0A70 /* RowControllers */ = {
			isa = PBXGroup;
			children = (
				04D4FB151C0EE010007C0A70 /* NodeListRowController.swift */,
				04D4FB171C0EE02A007C0A70 /* TopicListRowController.swift */,
				04D4FB191C0EE041007C0A70 /* TopicContentRowController.swift */,
			);
			name = RowControllers;
			sourceTree = "<group>";
		};
		631DE5171FABB09635E6F9CB /* Pods */ = {
			isa = PBXGroup;
			children = (
				E6F684E9DEB86D9C9D644AF3 /* Pods.debug.xcconfig */,
				63C339A4FE4E777FF06D2F87 /* Pods.release.xcconfig */,
			);
			name = Pods;
			sourceTree = "<group>";
		};
		CE8F3655E920F9E1E0690B58 /* Frameworks */ = {
			isa = PBXGroup;
			children = (
				04023A7B1C118F9100CFA7CF /* SwiftyJSON.framework */,
				04023A791C118F8D00CFA7CF /* Alamofire.framework */,
				04023A771C118F3300CFA7CF /* Pods.framework */,
				044A657C1BEC553900DAC5AF /* libsqlite3.tbd */,
				044A657A1BEC552700DAC5AF /* JavaScriptCore.framework */,
				044A65781BEC551E00DAC5AF /* libstdc++.tbd */,
				044A65761BEC550700DAC5AF /* libicucore.tbd */,
				044A65741BEC54DE00DAC5AF /* libz.tbd */,
				044A65721BEC54CE00DAC5AF /* libicucore.A.tbd */,
				CA0D4E6D70E3C90ACD939C53 /* Pods.framework */,
			);
			name = Frameworks;
			sourceTree = "<group>";
		};
		DE0EC3D31BC7678700F517AF /* JVFloatingDrawer */ = {
			isa = PBXGroup;
			children = (
				DE0EC3D41BC7678700F517AF /* JVFloatingDrawerAnimation.h */,
				DE0EC3D51BC7678700F517AF /* JVFloatingDrawerSpringAnimator.h */,
				DE0EC3D61BC7678700F517AF /* JVFloatingDrawerSpringAnimator.m */,
				DE0EC3D71BC7678700F517AF /* JVFloatingDrawerView.h */,
				DE0EC3D81BC7678700F517AF /* JVFloatingDrawerView.m */,
				DE0EC3D91BC7678700F517AF /* JVFloatingDrawerViewController.h */,
				DE0EC3DA1BC7678700F517AF /* JVFloatingDrawerViewController.m */,
			);
			path = JVFloatingDrawer;
			sourceTree = "<group>";
		};
		DE15731D1BC6409E000A88AA = {
			isa = PBXGroup;
			children = (
				DE1573281BC6409F000A88AA /* Aggregate */,
				DE1573401BC6409F000A88AA /* AggregateTests */,
				DE15734B1BC6409F000A88AA /* AggregateUITests */,
				042C63081C0D944200418FD1 /* AggregateWatch */,
				042C63171C0D944300418FD1 /* AggregateWatch Extension */,
				DE1573271BC6409F000A88AA /* Products */,
				631DE5171FABB09635E6F9CB /* Pods */,
				CE8F3655E920F9E1E0690B58 /* Frameworks */,
			);
			sourceTree = "<group>";
		};
		DE1573271BC6409F000A88AA /* Products */ = {
			isa = PBXGroup;
			children = (
				DE1573261BC6409F000A88AA /* Aggregate.app */,
				DE15733D1BC6409F000A88AA /* AggregateTests.xctest */,
				DE1573481BC6409F000A88AA /* AggregateUITests.xctest */,
				042C63071C0D944200418FD1 /* AggregateWatch.app */,
				042C63131C0D944300418FD1 /* AggregateWatch Extension.appex */,
				044C21811C0FE9B3005BDC28 /* AggregateModelKitTests.xctest */,
			);
			name = Products;
			sourceTree = "<group>";
		};
		DE1573281BC6409F000A88AA /* Aggregate */ = {
			isa = PBXGroup;
			children = (
				DE6B45BA1BCBB17900E9D80E /* Service */,
				DE1573611BC66AE8000A88AA /* ThirdParty */,
				DE15735D1BC641DC000A88AA /* Views */,
				DE15735C1BC641A4000A88AA /* Models */,
				DE15735B1BC6416F000A88AA /* ViewControllers */,
				048E8EE91BD88084006124FB /* ViewModels */,
				DE1573331BC6409F000A88AA /* Assets.xcassets */,
				DE15735A1BC64118000A88AA /* SupportingFiles */,
			);
			path = Aggregate;
			sourceTree = "<group>";
		};
		DE1573401BC6409F000A88AA /* AggregateTests */ = {
			isa = PBXGroup;
			children = (
				DE1573411BC6409F000A88AA /* AggregateTests.swift */,
				DE1573431BC6409F000A88AA /* Info.plist */,
			);
			path = AggregateTests;
			sourceTree = "<group>";
		};
		DE15734B1BC6409F000A88AA /* AggregateUITests */ = {
			isa = PBXGroup;
			children = (
				DE15734C1BC6409F000A88AA /* AggregateUITests.swift */,
				DE15734E1BC6409F000A88AA /* Info.plist */,
			);
			path = AggregateUITests;
			sourceTree = "<group>";
		};
		DE15735A1BC64118000A88AA /* SupportingFiles */ = {
			isa = PBXGroup;
			children = (
				0431D1621BFC62340005CD79 /* AggregateList.plist */,
				DE1573291BC6409F000A88AA /* AppDelegate.swift */,
				DE1573351BC6409F000A88AA /* LaunchScreen.storyboard */,
				DE1573381BC6409F000A88AA /* Info.plist */,
				DE15735F1BC66AB5000A88AA /* thirdParty.m */,
				DE15735E1BC66AB5000A88AA /* Aggregate-Bridging-Header.h */,
			);
			name = SupportingFiles;
			sourceTree = "<group>";
		};
		DE15735B1BC6416F000A88AA /* ViewControllers */ = {
			isa = PBXGroup;
			children = (
				DE0EC3E01BC78C6200F517AF /* MainDrawViewController.swift */,
				DE9643751BCD054900B621EA /* Menu */,
				DE9643761BCD055700B621EA /* Home */,
			);
			name = ViewControllers;
			sourceTree = "<group>";
		};
		DE15735C1BC641A4000A88AA /* Models */ = {
			isa = PBXGroup;
			children = (
				DE1573301BC6409F000A88AA /* Aggregate.xcdatamodeld */,
				048E8EEE1BD8BECE006124FB /* NodeInfo+CoreDataProperties.swift */,
				048E8EEF1BD8BECE006124FB /* NodeInfo.swift */,
				048E8EF01BD8BECE006124FB /* UserInfo+CoreDataProperties.swift */,
				048E8EF11BD8BECE006124FB /* UserInfo.swift */,
				044DDA5A1C1014410013270A /* Node.swift */,
				044DDA5B1C1014410013270A /* Replies.swift */,
				044DDA5C1C1014410013270A /* Topic.swift */,
				044DDA5D1C1014410013270A /* User.swift */,
			);
			name = Models;
			sourceTree = "<group>";
		};
		DE15735D1BC641DC000A88AA /* Views */ = {
			isa = PBXGroup;
			children = (
				048E8EE71BD87766006124FB /* Main.storyboard */,
				048E8EE51BD876FA006124FB /* Menu.storyboard */,
			);
			name = Views;
			sourceTree = "<group>";
		};
		DE1573611BC66AE8000A88AA /* ThirdParty */ = {
			isa = PBXGroup;
			children = (
				04923EA41BF9B64C00CEB7CB /* libraries */,
				04C91C491BDE1126002C758B /* ImageLoader.swift */,
				DE0EC3D31BC7678700F517AF /* JVFloatingDrawer */,
				DE1573621BC66B1A000A88AA /* SMTabbedSplitViewController */,
			);
			name = ThirdParty;
			sourceTree = "<group>";
		};
		DE1573621BC66B1A000A88AA /* SMTabbedSplitViewController */ = {
			isa = PBXGroup;
			children = (
				DE1573631BC66B1A000A88AA /* Classes */,
				DE1573721BC66B1A000A88AA /* SMTabbedSplitViewController.h */,
				DE1573731BC66B1A000A88AA /* SMTabbedSplitViewController.m */,
			);
			path = SMTabbedSplitViewController;
			sourceTree = "<group>";
		};
		DE1573631BC66B1A000A88AA /* Classes */ = {
			isa = PBXGroup;
			children = (
				DE1573671BC66B1A000A88AA /* MasterVC */,
				DE15736A1BC66B1A000A88AA /* TabBar */,
			);
			path = Classes;
			sourceTree = "<group>";
		};
		DE1573671BC66B1A000A88AA /* MasterVC */ = {
			isa = PBXGroup;
			children = (
				DE1573681BC66B1A000A88AA /* SMMasterViewController.h */,
				DE1573691BC66B1A000A88AA /* SMMasterViewController.m */,
			);
			path = MasterVC;
			sourceTree = "<group>";
		};
		DE15736A1BC66B1A000A88AA /* TabBar */ = {
			isa = PBXGroup;
			children = (
				DE15736B1BC66B1A000A88AA /* SMTabBar.h */,
				DE15736C1BC66B1A000A88AA /* SMTabBar.m */,
				DE15736D1BC66B1A000A88AA /* TabBarItem */,
			);
			path = TabBar;
			sourceTree = "<group>";
		};
		DE15736D1BC66B1A000A88AA /* TabBarItem */ = {
			isa = PBXGroup;
			children = (
				DE15736E1BC66B1A000A88AA /* SMTabBarItem.h */,
				DE15736F1BC66B1A000A88AA /* SMTabBarItem.m */,
				DE1573701BC66B1A000A88AA /* SMTabBarItemCell.h */,
				DE1573711BC66B1A000A88AA /* SMTabBarItemCell.m */,
			);
			path = TabBarItem;
			sourceTree = "<group>";
		};
		DE6B45BA1BCBB17900E9D80E /* Service */ = {
			isa = PBXGroup;
			children = (
				DE6B45BB1BCBB54F00E9D80E /* NetDataManager.swift */,
			);
			name = Service;
			sourceTree = "<group>";
		};
		DE9643741BCD053900B621EA /* Node */ = {
			isa = PBXGroup;
			children = (
				DE6B45961BCB653700E9D80E /* NodeCollectionViewCell.swift */,
				DE0129AC1BCE5A9F0039B643 /* AllNodeViewController.swift */,
				DEE66EB01BCF46180021661F /* NodeListView.swift */,
			);
			name = Node;
			sourceTree = "<group>";
		};
		DE9643751BCD054900B621EA /* Menu */ = {
			isa = PBXGroup;
			children = (
				DE15732B1BC6409F000A88AA /* ViewController.swift */,
				04923ED51BF9D2E400CEB7CB /* AddMenuCollectionViewController.swift */,
				0403EE831BFB22C400BB3EB3 /* AddMenuCollectionViewCell.swift */,
				04923ED41BF9D28400CEB7CB /* MenuList */,
			);
			name = Menu;
			sourceTree = "<group>";
		};
		DE9643761BCD055700B621EA /* Home */ = {
			isa = PBXGroup;
			children = (
				DE0EC3DE1BC7699F00F517AF /* HomeViewController.swift */,
				04FC87891BD8DF9F00FDF5A6 /* TopicTableViewCell.swift */,
				046DA6BF1BE31EBA0076DDB9 /* Detail */,
				DE9643741BCD053900B621EA /* Node */,
			);
			name = Home;
			sourceTree = "<group>";
		};
/* End PBXGroup section */

/* Begin PBXNativeTarget section */
		042C63061C0D944200418FD1 /* AggregateWatch */ = {
			isa = PBXNativeTarget;
			buildConfigurationList = 042C63301C0D944300418FD1 /* Build configuration list for PBXNativeTarget "AggregateWatch" */;
			buildPhases = (
				042C63051C0D944200418FD1 /* Resources */,
				042C632F1C0D944300418FD1 /* Embed App Extensions */,
			);
			buildRules = (
			);
			dependencies = (
				042C63161C0D944300418FD1 /* PBXTargetDependency */,
			);
			name = AggregateWatch;
			productName = AggregateWatch;
			productReference = 042C63071C0D944200418FD1 /* AggregateWatch.app */;
			productType = "com.apple.product-type.application.watchapp2";
		};
		042C63121C0D944300418FD1 /* AggregateWatch Extension */ = {
			isa = PBXNativeTarget;
			buildConfigurationList = 042C632E1C0D944300418FD1 /* Build configuration list for PBXNativeTarget "AggregateWatch Extension" */;
			buildPhases = (
				042C630F1C0D944300418FD1 /* Sources */,
				042C63101C0D944300418FD1 /* Frameworks */,
				042C63111C0D944300418FD1 /* Resources */,
				044C21A71C0FEA83005BDC28 /* Embed Frameworks */,
			);
			buildRules = (
			);
			dependencies = (
			);
			name = "AggregateWatch Extension";
			productName = "AggregateWatch Extension";
			productReference = 042C63131C0D944300418FD1 /* AggregateWatch Extension.appex */;
			productType = "com.apple.product-type.watchkit2-extension";
		};
		044C21801C0FE9B3005BDC28 /* AggregateModelKitTests */ = {
			isa = PBXNativeTarget;
			buildConfigurationList = 044C21951C0FE9B5005BDC28 /* Build configuration list for PBXNativeTarget "AggregateModelKitTests" */;
			buildPhases = (
				044C217D1C0FE9B3005BDC28 /* Sources */,
				044C217E1C0FE9B3005BDC28 /* Frameworks */,
				044C217F1C0FE9B3005BDC28 /* Resources */,
			);
			buildRules = (
			);
			dependencies = (
				044C21861C0FE9B3005BDC28 /* PBXTargetDependency */,
			);
			name = AggregateModelKitTests;
			productName = AggregateModelKitTests;
			productReference = 044C21811C0FE9B3005BDC28 /* AggregateModelKitTests.xctest */;
			productType = "com.apple.product-type.bundle.unit-test";
		};
		DE1573251BC6409F000A88AA /* Aggregate */ = {
			isa = PBXNativeTarget;
			buildConfigurationList = DE1573511BC6409F000A88AA /* Build configuration list for PBXNativeTarget "Aggregate" */;
			buildPhases = (
				41ECA189CE27B9BD905B1718 /* Check Pods Manifest.lock */,
				DE1573221BC6409F000A88AA /* Sources */,
				DE1573231BC6409F000A88AA /* Frameworks */,
				DE1573241BC6409F000A88AA /* Resources */,
				8F7C399C83FCB15ACBDB233C /* Embed Pods Frameworks */,
				77696C32C4C53B4578D56F24 /* Copy Pods Resources */,
				042C63311C0D944300418FD1 /* Embed Watch Content */,
				044C21941C0FE9B5005BDC28 /* Embed Frameworks */,
			);
			buildRules = (
			);
			dependencies = (
				042C63281C0D944300418FD1 /* PBXTargetDependency */,
			);
			name = Aggregate;
			productName = Aggregate;
			productReference = DE1573261BC6409F000A88AA /* Aggregate.app */;
			productType = "com.apple.product-type.application";
		};
		DE15733C1BC6409F000A88AA /* AggregateTests */ = {
			isa = PBXNativeTarget;
			buildConfigurationList = DE1573541BC6409F000A88AA /* Build configuration list for PBXNativeTarget "AggregateTests" */;
			buildPhases = (
				DE1573391BC6409F000A88AA /* Sources */,
				DE15733A1BC6409F000A88AA /* Frameworks */,
				DE15733B1BC6409F000A88AA /* Resources */,
			);
			buildRules = (
			);
			dependencies = (
				DE15733F1BC6409F000A88AA /* PBXTargetDependency */,
			);
			name = AggregateTests;
			productName = AggregateTests;
			productReference = DE15733D1BC6409F000A88AA /* AggregateTests.xctest */;
			productType = "com.apple.product-type.bundle.unit-test";
		};
		DE1573471BC6409F000A88AA /* AggregateUITests */ = {
			isa = PBXNativeTarget;
			buildConfigurationList = DE1573571BC6409F000A88AA /* Build configuration list for PBXNativeTarget "AggregateUITests" */;
			buildPhases = (
				DE1573441BC6409F000A88AA /* Sources */,
				DE1573451BC6409F000A88AA /* Frameworks */,
				DE1573461BC6409F000A88AA /* Resources */,
			);
			buildRules = (
			);
			dependencies = (
				DE15734A1BC6409F000A88AA /* PBXTargetDependency */,
			);
			name = AggregateUITests;
			productName = AggregateUITests;
			productReference = DE1573481BC6409F000A88AA /* AggregateUITests.xctest */;
			productType = "com.apple.product-type.bundle.ui-testing";
		};
/* End PBXNativeTarget section */

/* Begin PBXProject section */
		DE15731E1BC6409E000A88AA /* Project object */ = {
			isa = PBXProject;
			attributes = {
				LastSwiftUpdateCheck = 0710;
				LastUpgradeCheck = 0700;
				ORGANIZATIONNAME = "朱勇";
				TargetAttributes = {
					042C63061C0D944200418FD1 = {
						CreatedOnToolsVersion = 7.1.1;
					};
					042C63121C0D944300418FD1 = {
						CreatedOnToolsVersion = 7.1.1;
					};
					044C21801C0FE9B3005BDC28 = {
						CreatedOnToolsVersion = 7.1.1;
						TestTargetID = DE1573251BC6409F000A88AA;
					};
					DE1573251BC6409F000A88AA = {
						CreatedOnToolsVersion = 7.0.1;
					};
					DE15733C1BC6409F000A88AA = {
						CreatedOnToolsVersion = 7.0.1;
						TestTargetID = DE1573251BC6409F000A88AA;
					};
					DE1573471BC6409F000A88AA = {
						CreatedOnToolsVersion = 7.0.1;
						TestTargetID = DE1573251BC6409F000A88AA;
					};
				};
			};
			buildConfigurationList = DE1573211BC6409E000A88AA /* Build configuration list for PBXProject "Aggregate" */;
			compatibilityVersion = "Xcode 3.2";
			developmentRegion = English;
			hasScannedForEncodings = 0;
			knownRegions = (
				en,
				Base,
			);
			mainGroup = DE15731D1BC6409E000A88AA;
			productRefGroup = DE1573271BC6409F000A88AA /* Products */;
			projectDirPath = "";
			projectRoot = "";
			targets = (
				DE1573251BC6409F000A88AA /* Aggregate */,
				DE15733C1BC6409F000A88AA /* AggregateTests */,
				DE1573471BC6409F000A88AA /* AggregateUITests */,
				042C63061C0D944200418FD1 /* AggregateWatch */,
				042C63121C0D944300418FD1 /* AggregateWatch Extension */,
				044C21801C0FE9B3005BDC28 /* AggregateModelKitTests */,
			);
		};
/* End PBXProject section */

/* Begin PBXResourcesBuildPhase section */
		042C63051C0D944200418FD1 /* Resources */ = {
			isa = PBXResourcesBuildPhase;
			buildActionMask = 2147483647;
			files = (
				042C630D1C0D944200418FD1 /* Assets.xcassets in Resources */,
				042C630B1C0D944200418FD1 /* Interface.storyboard in Resources */,
			);
			runOnlyForDeploymentPostprocessing = 0;
		};
		042C63111C0D944300418FD1 /* Resources */ = {
			isa = PBXResourcesBuildPhase;
			buildActionMask = 2147483647;
			files = (
				04023A861C11957D00CFA7CF /* Info-watchOS.plist in Resources */,
				042C63251C0D944300418FD1 /* Assets.xcassets in Resources */,
			);
			runOnlyForDeploymentPostprocessing = 0;
		};
		044C217F1C0FE9B3005BDC28 /* Resources */ = {
			isa = PBXResourcesBuildPhase;
			buildActionMask = 2147483647;
			files = (
			);
			runOnlyForDeploymentPostprocessing = 0;
		};
		DE1573241BC6409F000A88AA /* Resources */ = {
			isa = PBXResourcesBuildPhase;
			buildActionMask = 2147483647;
			files = (
				0431D1631BFC62340005CD79 /* AggregateList.plist in Resources */,
				DE1573371BC6409F000A88AA /* LaunchScreen.storyboard in Resources */,
				DE1573341BC6409F000A88AA /* Assets.xcassets in Resources */,
				048E8EE61BD876FA006124FB /* Menu.storyboard in Resources */,
				04923EC51BF9B64C00CEB7CB /* TencentOpenApi_IOS_Bundle.bundle in Resources */,
				04923ECB1BF9B64C00CEB7CB /* ShareSDK.bundle in Resources */,
				048E8EE81BD87766006124FB /* Main.storyboard in Resources */,
				04923EC71BF9B64C00CEB7CB /* WeiboSDK.bundle in Resources */,
				04923ED01BF9B64C00CEB7CB /* ShareSDKUI.bundle in Resources */,
				04923EC91BF9B64C00CEB7CB /* read_me.txt in Resources */,
			);
			runOnlyForDeploymentPostprocessing = 0;
		};
		DE15733B1BC6409F000A88AA /* Resources */ = {
			isa = PBXResourcesBuildPhase;
			buildActionMask = 2147483647;
			files = (
			);
			runOnlyForDeploymentPostprocessing = 0;
		};
		DE1573461BC6409F000A88AA /* Resources */ = {
			isa = PBXResourcesBuildPhase;
			buildActionMask = 2147483647;
			files = (
			);
			runOnlyForDeploymentPostprocessing = 0;
		};
/* End PBXResourcesBuildPhase section */

/* Begin PBXShellScriptBuildPhase section */
		41ECA189CE27B9BD905B1718 /* Check Pods Manifest.lock */ = {
			isa = PBXShellScriptBuildPhase;
			buildActionMask = 2147483647;
			files = (
			);
			inputPaths = (
			);
			name = "Check Pods Manifest.lock";
			outputPaths = (
			);
			runOnlyForDeploymentPostprocessing = 0;
			shellPath = /bin/sh;
			shellScript = "diff \"${PODS_ROOT}/../Podfile.lock\" \"${PODS_ROOT}/Manifest.lock\" > /dev/null\nif [[ $? != 0 ]] ; then\n    cat << EOM\nerror: The sandbox is not in sync with the Podfile.lock. Run 'pod install' or update your CocoaPods installation.\nEOM\n    exit 1\nfi\n";
			showEnvVarsInLog = 0;
		};
		77696C32C4C53B4578D56F24 /* Copy Pods Resources */ = {
			isa = PBXShellScriptBuildPhase;
			buildActionMask = 2147483647;
			files = (
			);
			inputPaths = (
			);
			name = "Copy Pods Resources";
			outputPaths = (
			);
			runOnlyForDeploymentPostprocessing = 0;
			shellPath = /bin/sh;
			shellScript = "\"${SRCROOT}/Pods/Target Support Files/Pods/Pods-resources.sh\"\n";
			showEnvVarsInLog = 0;
		};
		8F7C399C83FCB15ACBDB233C /* Embed Pods Frameworks */ = {
			isa = PBXShellScriptBuildPhase;
			buildActionMask = 2147483647;
			files = (
			);
			inputPaths = (
			);
			name = "Embed Pods Frameworks";
			outputPaths = (
			);
			runOnlyForDeploymentPostprocessing = 0;
			shellPath = /bin/sh;
			shellScript = "\"${SRCROOT}/Pods/Target Support Files/Pods/Pods-frameworks.sh\"\n";
			showEnvVarsInLog = 0;
		};
/* End PBXShellScriptBuildPhase section */

/* Begin PBXSourcesBuildPhase section */
		042C630F1C0D944300418FD1 /* Sources */ = {
			isa = PBXSourcesBuildPhase;
			buildActionMask = 2147483647;
			files = (
				042C631F1C0D944300418FD1 /* NotificationController.swift in Sources */,
				042C631D1C0D944300418FD1 /* ExtensionDelegate.swift in Sources */,
				04D4FB131C0EDF8D007C0A70 /* TopicContentInterfaceController.swift in Sources */,
				044DDA661C10149E0013270A /* Node.swift in Sources */,
				042C63231C0D944300418FD1 /* ComplicationController.swift in Sources */,
				04D4FB1A1C0EE041007C0A70 /* TopicContentRowController.swift in Sources */,
				04D4FB181C0EE02A007C0A70 /* TopicListRowController.swift in Sources */,
				04D4FB161C0EE010007C0A70 /* NodeListRowController.swift in Sources */,
				044DDA681C10149E0013270A /* Topic.swift in Sources */,
				046A5CCC1C11440700BFDC23 /* HomeViewModel.swift in Sources */,
				044DDA671C10149E0013270A /* Replies.swift in Sources */,
				04023A871C11957D00CFA7CF /* SwiftyJSON.swift in Sources */,
				046A5DF71C1147D200BFDC23 /* NetDataManager.swift in Sources */,
				04D4FB111C0EDF76007C0A70 /* TopicListInterfaceController.swift in Sources */,
				042C631B1C0D944300418FD1 /* InterfaceController.swift in Sources */,
				042C63211C0D944300418FD1 /* GlanceController.swift in Sources */,
			);
			runOnlyForDeploymentPostprocessing = 0;
		};
		044C217D1C0FE9B3005BDC28 /* Sources */ = {
			isa = PBXSourcesBuildPhase;
			buildActionMask = 2147483647;
			files = (
			);
			runOnlyForDeploymentPostprocessing = 0;
		};
		DE1573221BC6409F000A88AA /* Sources */ = {
			isa = PBXSourcesBuildPhase;
			buildActionMask = 2147483647;
			files = (
				048E8EF81BD8BECE006124FB /* UserInfo+CoreDataProperties.swift in Sources */,
				0403EE841BFB22C400BB3EB3 /* AddMenuCollectionViewCell.swift in Sources */,
				048E8EF61BD8BECE006124FB /* NodeInfo+CoreDataProperties.swift in Sources */,
				044DDA601C1014410013270A /* Topic.swift in Sources */,
				044DDA5E1C1014410013270A /* Node.swift in Sources */,
				DE0EC3DB1BC7678700F517AF /* JVFloatingDrawerSpringAnimator.m in Sources */,
				04923ED61BF9D2E400CEB7CB /* AddMenuCollectionViewController.swift in Sources */,
				046DA6C11BE31F2D0076DDB9 /* TopicDetailTableViewController.swift in Sources */,
				04C91C4A1BDE1127002C758B /* ImageLoader.swift in Sources */,
				04C91C511BDE1D50002C758B /* AllNodeViewModel.swift in Sources */,
				DE0EC3E11BC78C6200F517AF /* MainDrawViewController.swift in Sources */,
				048E8EF71BD8BECE006124FB /* NodeInfo.swift in Sources */,
				DE15732C1BC6409F000A88AA /* ViewController.swift in Sources */,
				048E8EEB1BD8811D006124FB /* HomeViewModel.swift in Sources */,
				DE0EC3DD1BC7678700F517AF /* JVFloatingDrawerViewController.m in Sources */,
				04842AAC1BF08B55000280AF /* UserInfoTableViewCell.swift in Sources */,
				048E8EF91BD8BECE006124FB /* UserInfo.swift in Sources */,
				046DA6C31BE322980076DDB9 /* TopicDetailTableViewCell.swift in Sources */,
				DE15732A1BC6409F000A88AA /* AppDelegate.swift in Sources */,
				DE6B45BC1BCBB54F00E9D80E /* NetDataManager.swift in Sources */,
				04FC878A1BD8DF9F00FDF5A6 /* TopicTableViewCell.swift in Sources */,
				DE0EC3DC1BC7678700F517AF /* JVFloatingDrawerView.m in Sources */,
				DE1573751BC66B1A000A88AA /* SMMasterViewController.m in Sources */,
				DE1573601BC66AB5000A88AA /* thirdParty.m in Sources */,
				DE1573771BC66B1A000A88AA /* SMTabBarItem.m in Sources */,
				DE1573781BC66B1A000A88AA /* SMTabBarItemCell.m in Sources */,
				044DDA611C1014410013270A /* User.swift in Sources */,
				04842AAA1BF089F6000280AF /* UserInfoViewController.swift in Sources */,
				DE0129AD1BCE5A9F0039B643 /* AllNodeViewController.swift in Sources */,
				DE1573761BC66B1A000A88AA /* SMTabBar.m in Sources */,
				DEE66EB11BCF46180021661F /* NodeListView.swift in Sources */,
				DE1573321BC6409F000A88AA /* Aggregate.xcdatamodeld in Sources */,
				DE0EC3DF1BC7699F00F517AF /* HomeViewController.swift in Sources */,
				DE1573791BC66B1A000A88AA /* SMTabbedSplitViewController.m in Sources */,
				04842AA81BF07C79000280AF /* V2EXInfoViewController.swift in Sources */,
				DE6B45971BCB653700E9D80E /* NodeCollectionViewCell.swift in Sources */,
				046DA6C51BE364DC0076DDB9 /* TopicDetailViewModel.swift in Sources */,
				040166811BF183CD0014FE31 /* UserInfoViewModel.swift in Sources */,
				044DDA5F1C1014410013270A /* Replies.swift in Sources */,
			);
			runOnlyForDeploymentPostprocessing = 0;
		};
		DE1573391BC6409F000A88AA /* Sources */ = {
			isa = PBXSourcesBuildPhase;
			buildActionMask = 2147483647;
			files = (
				DE1573421BC6409F000A88AA /* AggregateTests.swift in Sources */,
			);
			runOnlyForDeploymentPostprocessing = 0;
		};
		DE1573441BC6409F000A88AA /* Sources */ = {
			isa = PBXSourcesBuildPhase;
			buildActionMask = 2147483647;
			files = (
				DE15734D1BC6409F000A88AA /* AggregateUITests.swift in Sources */,
			);
			runOnlyForDeploymentPostprocessing = 0;
		};
/* End PBXSourcesBuildPhase section */

/* Begin PBXTargetDependency section */
		042C63161C0D944300418FD1 /* PBXTargetDependency */ = {
			isa = PBXTargetDependency;
			target = 042C63121C0D944300418FD1 /* AggregateWatch Extension */;
			targetProxy = 042C63151C0D944300418FD1 /* PBXContainerItemProxy */;
		};
		042C63281C0D944300418FD1 /* PBXTargetDependency */ = {
			isa = PBXTargetDependency;
			target = 042C63061C0D944200418FD1 /* AggregateWatch */;
			targetProxy = 042C63271C0D944300418FD1 /* PBXContainerItemProxy */;
		};
		044C21861C0FE9B3005BDC28 /* PBXTargetDependency */ = {
			isa = PBXTargetDependency;
			target = DE1573251BC6409F000A88AA /* Aggregate */;
			targetProxy = 044C21851C0FE9B3005BDC28 /* PBXContainerItemProxy */;
		};
		DE15733F1BC6409F000A88AA /* PBXTargetDependency */ = {
			isa = PBXTargetDependency;
			target = DE1573251BC6409F000A88AA /* Aggregate */;
			targetProxy = DE15733E1BC6409F000A88AA /* PBXContainerItemProxy */;
		};
		DE15734A1BC6409F000A88AA /* PBXTargetDependency */ = {
			isa = PBXTargetDependency;
			target = DE1573251BC6409F000A88AA /* Aggregate */;
			targetProxy = DE1573491BC6409F000A88AA /* PBXContainerItemProxy */;
		};
/* End PBXTargetDependency section */

/* Begin PBXVariantGroup section */
		042C63091C0D944200418FD1 /* Interface.storyboard */ = {
			isa = PBXVariantGroup;
			children = (
				042C630A1C0D944200418FD1 /* Base */,
			);
			name = Interface.storyboard;
			sourceTree = "<group>";
		};
		DE1573351BC6409F000A88AA /* LaunchScreen.storyboard */ = {
			isa = PBXVariantGroup;
			children = (
				DE1573361BC6409F000A88AA /* Base */,
			);
			name = LaunchScreen.storyboard;
			sourceTree = "<group>";
		};
/* End PBXVariantGroup section */

/* Begin XCBuildConfiguration section */
		042C632A1C0D944300418FD1 /* Debug */ = {
			isa = XCBuildConfiguration;
			buildSettings = {
				ASSETCATALOG_COMPILER_APPICON_NAME = AppIcon;
				EMBEDDED_CONTENT_CONTAINS_SWIFT = YES;
				IBSC_MODULE = AggregateWatch_Extension;
				INFOPLIST_FILE = AggregateWatch/Info.plist;
				PRODUCT_BUNDLE_IDENTIFIER = com.ZY.Aggregate.watchkitapp;
				PRODUCT_NAME = "$(TARGET_NAME)";
				SDKROOT = watchos;
				SKIP_INSTALL = YES;
				TARGETED_DEVICE_FAMILY = 4;
				WATCHOS_DEPLOYMENT_TARGET = 2.0;
			};
			name = Debug;
		};
		042C632B1C0D944300418FD1 /* Release */ = {
			isa = XCBuildConfiguration;
			buildSettings = {
				ASSETCATALOG_COMPILER_APPICON_NAME = AppIcon;
				EMBEDDED_CONTENT_CONTAINS_SWIFT = YES;
				IBSC_MODULE = AggregateWatch_Extension;
				INFOPLIST_FILE = AggregateWatch/Info.plist;
				PRODUCT_BUNDLE_IDENTIFIER = com.ZY.Aggregate.watchkitapp;
				PRODUCT_NAME = "$(TARGET_NAME)";
				SDKROOT = watchos;
				SKIP_INSTALL = YES;
				TARGETED_DEVICE_FAMILY = 4;
				WATCHOS_DEPLOYMENT_TARGET = 2.0;
			};
			name = Release;
		};
		042C632C1C0D944300418FD1 /* Debug */ = {
			isa = XCBuildConfiguration;
			buildSettings = {
				ASSETCATALOG_COMPILER_COMPLICATION_NAME = Complication;
				CLANG_ENABLE_MODULES = YES;
				EMBEDDED_CONTENT_CONTAINS_SWIFT = YES;
				FRAMEWORK_SEARCH_PATHS = (
					"$(inherited)",
					"$(PROJECT_DIR)/build/Debug-iphoneos",
				);
				INFOPLIST_FILE = "AggregateWatch Extension/Info.plist";
				LD_RUNPATH_SEARCH_PATHS = "$(inherited) @executable_path/Frameworks @executable_path/../../Frameworks";
				PRODUCT_BUNDLE_IDENTIFIER = com.ZY.Aggregate.watchkitapp.watchkitextension;
				PRODUCT_NAME = "${TARGET_NAME}";
				SDKROOT = watchos;
				SKIP_INSTALL = YES;
				SWIFT_OPTIMIZATION_LEVEL = "-Onone";
				TARGETED_DEVICE_FAMILY = 4;
				WATCHOS_DEPLOYMENT_TARGET = 2.0;
			};
			name = Debug;
		};
		042C632D1C0D944300418FD1 /* Release */ = {
			isa = XCBuildConfiguration;
			buildSettings = {
				ASSETCATALOG_COMPILER_COMPLICATION_NAME = Complication;
				CLANG_ENABLE_MODULES = YES;
				EMBEDDED_CONTENT_CONTAINS_SWIFT = YES;
				FRAMEWORK_SEARCH_PATHS = (
					"$(inherited)",
					"$(PROJECT_DIR)/build/Debug-iphoneos",
				);
				INFOPLIST_FILE = "AggregateWatch Extension/Info.plist";
				LD_RUNPATH_SEARCH_PATHS = "$(inherited) @executable_path/Frameworks @executable_path/../../Frameworks";
				PRODUCT_BUNDLE_IDENTIFIER = com.ZY.Aggregate.watchkitapp.watchkitextension;
				PRODUCT_NAME = "${TARGET_NAME}";
				SDKROOT = watchos;
				SKIP_INSTALL = YES;
				TARGETED_DEVICE_FAMILY = 4;
				WATCHOS_DEPLOYMENT_TARGET = 2.0;
			};
			name = Release;
		};
		044C21911C0FE9B4005BDC28 /* Debug */ = {
			isa = XCBuildConfiguration;
			buildSettings = {
				INFOPLIST_FILE = AggregateModelKitTests/Info.plist;
				IPHONEOS_DEPLOYMENT_TARGET = 9.1;
				LD_RUNPATH_SEARCH_PATHS = "$(inherited) @executable_path/Frameworks @loader_path/Frameworks";
				PRODUCT_BUNDLE_IDENTIFIER = TongBuWeiYe.AggregateModelKitTests;
				PRODUCT_NAME = "$(TARGET_NAME)";
				TEST_HOST = "$(BUILT_PRODUCTS_DIR)/Aggregate.app/Aggregate";
			};
			name = Debug;
		};
		044C21921C0FE9B4005BDC28 /* Release */ = {
			isa = XCBuildConfiguration;
			buildSettings = {
				INFOPLIST_FILE = AggregateModelKitTests/Info.plist;
				IPHONEOS_DEPLOYMENT_TARGET = 9.1;
				LD_RUNPATH_SEARCH_PATHS = "$(inherited) @executable_path/Frameworks @loader_path/Frameworks";
				PRODUCT_BUNDLE_IDENTIFIER = TongBuWeiYe.AggregateModelKitTests;
				PRODUCT_NAME = "$(TARGET_NAME)";
				TEST_HOST = "$(BUILT_PRODUCTS_DIR)/Aggregate.app/Aggregate";
			};
			name = Release;
		};
		DE15734F1BC6409F000A88AA /* Debug */ = {
			isa = XCBuildConfiguration;
			buildSettings = {
				ALWAYS_SEARCH_USER_PATHS = NO;
				CLANG_CXX_LANGUAGE_STANDARD = "gnu++0x";
				CLANG_CXX_LIBRARY = "libc++";
				CLANG_ENABLE_MODULES = YES;
				CLANG_ENABLE_OBJC_ARC = YES;
				CLANG_WARN_BOOL_CONVERSION = YES;
				CLANG_WARN_CONSTANT_CONVERSION = YES;
				CLANG_WARN_DIRECT_OBJC_ISA_USAGE = YES_ERROR;
				CLANG_WARN_EMPTY_BODY = YES;
				CLANG_WARN_ENUM_CONVERSION = YES;
				CLANG_WARN_INT_CONVERSION = YES;
				CLANG_WARN_OBJC_ROOT_CLASS = YES_ERROR;
				CLANG_WARN_UNREACHABLE_CODE = YES;
				CLANG_WARN__DUPLICATE_METHOD_MATCH = YES;
				"CODE_SIGN_IDENTITY[sdk=iphoneos*]" = "iPhone Developer";
				COPY_PHASE_STRIP = NO;
				DEBUG_INFORMATION_FORMAT = dwarf;
				ENABLE_STRICT_OBJC_MSGSEND = YES;
				ENABLE_TESTABILITY = YES;
				GCC_C_LANGUAGE_STANDARD = gnu99;
				GCC_DYNAMIC_NO_PIC = NO;
				GCC_NO_COMMON_BLOCKS = YES;
				GCC_OPTIMIZATION_LEVEL = 0;
				GCC_PREPROCESSOR_DEFINITIONS = (
					"DEBUG=1",
					"$(inherited)",
				);
				GCC_WARN_64_TO_32_BIT_CONVERSION = YES;
				GCC_WARN_ABOUT_RETURN_TYPE = YES_ERROR;
				GCC_WARN_UNDECLARED_SELECTOR = YES;
				GCC_WARN_UNINITIALIZED_AUTOS = YES_AGGRESSIVE;
				GCC_WARN_UNUSED_FUNCTION = YES;
				GCC_WARN_UNUSED_VARIABLE = YES;
				IPHONEOS_DEPLOYMENT_TARGET = 9.0;
				MTL_ENABLE_DEBUG_INFO = YES;
				ONLY_ACTIVE_ARCH = YES;
				SDKROOT = iphoneos;
				SWIFT_OPTIMIZATION_LEVEL = "-Onone";
			};
			name = Debug;
		};
		DE1573501BC6409F000A88AA /* Release */ = {
			isa = XCBuildConfiguration;
			buildSettings = {
				ALWAYS_SEARCH_USER_PATHS = NO;
				CLANG_CXX_LANGUAGE_STANDARD = "gnu++0x";
				CLANG_CXX_LIBRARY = "libc++";
				CLANG_ENABLE_MODULES = YES;
				CLANG_ENABLE_OBJC_ARC = YES;
				CLANG_WARN_BOOL_CONVERSION = YES;
				CLANG_WARN_CONSTANT_CONVERSION = YES;
				CLANG_WARN_DIRECT_OBJC_ISA_USAGE = YES_ERROR;
				CLANG_WARN_EMPTY_BODY = YES;
				CLANG_WARN_ENUM_CONVERSION = YES;
				CLANG_WARN_INT_CONVERSION = YES;
				CLANG_WARN_OBJC_ROOT_CLASS = YES_ERROR;
				CLANG_WARN_UNREACHABLE_CODE = YES;
				CLANG_WARN__DUPLICATE_METHOD_MATCH = YES;
				"CODE_SIGN_IDENTITY[sdk=iphoneos*]" = "iPhone Developer";
				COPY_PHASE_STRIP = NO;
				DEBUG_INFORMATION_FORMAT = "dwarf-with-dsym";
				ENABLE_NS_ASSERTIONS = NO;
				ENABLE_STRICT_OBJC_MSGSEND = YES;
				GCC_C_LANGUAGE_STANDARD = gnu99;
				GCC_NO_COMMON_BLOCKS = YES;
				GCC_WARN_64_TO_32_BIT_CONVERSION = YES;
				GCC_WARN_ABOUT_RETURN_TYPE = YES_ERROR;
				GCC_WARN_UNDECLARED_SELECTOR = YES;
				GCC_WARN_UNINITIALIZED_AUTOS = YES_AGGRESSIVE;
				GCC_WARN_UNUSED_FUNCTION = YES;
				GCC_WARN_UNUSED_VARIABLE = YES;
				IPHONEOS_DEPLOYMENT_TARGET = 9.0;
				MTL_ENABLE_DEBUG_INFO = NO;
				SDKROOT = iphoneos;
				VALIDATE_PRODUCT = YES;
			};
			name = Release;
		};
		DE1573521BC6409F000A88AA /* Debug */ = {
			isa = XCBuildConfiguration;
			baseConfigurationReference = E6F684E9DEB86D9C9D644AF3 /* Pods.debug.xcconfig */;
			buildSettings = {
				ASSETCATALOG_COMPILER_APPICON_NAME = AppIcon;
				CLANG_ENABLE_MODULES = YES;
				EMBEDDED_CONTENT_CONTAINS_SWIFT = YES;
				ENABLE_BITCODE = NO;
				FRAMEWORK_SEARCH_PATHS = (
					"$(inherited)",
					"$(PROJECT_DIR)/Aggregate/libraries",
					"$(PROJECT_DIR)/Aggregate/libraries/extends/QQSDK",
				);
				INFOPLIST_FILE = Aggregate/Info.plist;
				LD_RUNPATH_SEARCH_PATHS = "$(inherited) @executable_path/Frameworks";
				LIBRARY_SEARCH_PATHS = (
					"$(inherited)",
					"$(PROJECT_DIR)/Aggregate/libraries/extends/SinaWeiboSDK",
					"$(PROJECT_DIR)/Aggregate/libraries/extends/WeChatSDK",
				);
				PRODUCT_BUNDLE_IDENTIFIER = com.ZY.Aggregate;
				PRODUCT_NAME = "$(TARGET_NAME)";
				SWIFT_OBJC_BRIDGING_HEADER = "Aggregate/Aggregate-Bridging-Header.h";
				SWIFT_OPTIMIZATION_LEVEL = "-Onone";
			};
			name = Debug;
		};
		DE1573531BC6409F000A88AA /* Release */ = {
			isa = XCBuildConfiguration;
			baseConfigurationReference = 63C339A4FE4E777FF06D2F87 /* Pods.release.xcconfig */;
			buildSettings = {
				ASSETCATALOG_COMPILER_APPICON_NAME = AppIcon;
				CLANG_ENABLE_MODULES = YES;
				EMBEDDED_CONTENT_CONTAINS_SWIFT = YES;
				ENABLE_BITCODE = NO;
				FRAMEWORK_SEARCH_PATHS = (
					"$(inherited)",
					"$(PROJECT_DIR)/Aggregate/libraries",
					"$(PROJECT_DIR)/Aggregate/libraries/extends/QQSDK",
				);
				INFOPLIST_FILE = Aggregate/Info.plist;
				LD_RUNPATH_SEARCH_PATHS = "$(inherited) @executable_path/Frameworks";
				LIBRARY_SEARCH_PATHS = (
					"$(inherited)",
					"$(PROJECT_DIR)/Aggregate/libraries/extends/SinaWeiboSDK",
					"$(PROJECT_DIR)/Aggregate/libraries/extends/WeChatSDK",
				);
				PRODUCT_BUNDLE_IDENTIFIER = com.ZY.Aggregate;
				PRODUCT_NAME = "$(TARGET_NAME)";
				SWIFT_OBJC_BRIDGING_HEADER = "Aggregate/Aggregate-Bridging-Header.h";
			};
			name = Release;
		};
		DE1573551BC6409F000A88AA /* Debug */ = {
			isa = XCBuildConfiguration;
			buildSettings = {
				BUNDLE_LOADER = "$(TEST_HOST)";
				INFOPLIST_FILE = AggregateTests/Info.plist;
				LD_RUNPATH_SEARCH_PATHS = "$(inherited) @executable_path/Frameworks @loader_path/Frameworks";
				PRODUCT_BUNDLE_IDENTIFIER = com.ZY.AggregateTests;
				PRODUCT_NAME = "$(TARGET_NAME)";
				TEST_HOST = "$(BUILT_PRODUCTS_DIR)/Aggregate.app/Aggregate";
			};
			name = Debug;
		};
		DE1573561BC6409F000A88AA /* Release */ = {
			isa = XCBuildConfiguration;
			buildSettings = {
				BUNDLE_LOADER = "$(TEST_HOST)";
				INFOPLIST_FILE = AggregateTests/Info.plist;
				LD_RUNPATH_SEARCH_PATHS = "$(inherited) @executable_path/Frameworks @loader_path/Frameworks";
				PRODUCT_BUNDLE_IDENTIFIER = com.ZY.AggregateTests;
				PRODUCT_NAME = "$(TARGET_NAME)";
				TEST_HOST = "$(BUILT_PRODUCTS_DIR)/Aggregate.app/Aggregate";
			};
			name = Release;
		};
		DE1573581BC6409F000A88AA /* Debug */ = {
			isa = XCBuildConfiguration;
			buildSettings = {
				INFOPLIST_FILE = AggregateUITests/Info.plist;
				LD_RUNPATH_SEARCH_PATHS = "$(inherited) @executable_path/Frameworks @loader_path/Frameworks";
				PRODUCT_BUNDLE_IDENTIFIER = com.ZY.AggregateUITests;
				PRODUCT_NAME = "$(TARGET_NAME)";
				TEST_TARGET_NAME = Aggregate;
				USES_XCTRUNNER = YES;
			};
			name = Debug;
		};
		DE1573591BC6409F000A88AA /* Release */ = {
			isa = XCBuildConfiguration;
			buildSettings = {
				INFOPLIST_FILE = AggregateUITests/Info.plist;
				LD_RUNPATH_SEARCH_PATHS = "$(inherited) @executable_path/Frameworks @loader_path/Frameworks";
				PRODUCT_BUNDLE_IDENTIFIER = com.ZY.AggregateUITests;
				PRODUCT_NAME = "$(TARGET_NAME)";
				TEST_TARGET_NAME = Aggregate;
				USES_XCTRUNNER = YES;
			};
			name = Release;
		};
/* End XCBuildConfiguration section */

/* Begin XCConfigurationList section */
		042C632E1C0D944300418FD1 /* Build configuration list for PBXNativeTarget "AggregateWatch Extension" */ = {
			isa = XCConfigurationList;
			buildConfigurations = (
				042C632C1C0D944300418FD1 /* Debug */,
				042C632D1C0D944300418FD1 /* Release */,
			);
			defaultConfigurationIsVisible = 0;
			defaultConfigurationName = Release;
		};
		042C63301C0D944300418FD1 /* Build configuration list for PBXNativeTarget "AggregateWatch" */ = {
			isa = XCConfigurationList;
			buildConfigurations = (
				042C632A1C0D944300418FD1 /* Debug */,
				042C632B1C0D944300418FD1 /* Release */,
			);
			defaultConfigurationIsVisible = 0;
			defaultConfigurationName = Release;
		};
		044C21951C0FE9B5005BDC28 /* Build configuration list for PBXNativeTarget "AggregateModelKitTests" */ = {
			isa = XCConfigurationList;
			buildConfigurations = (
				044C21911C0FE9B4005BDC28 /* Debug */,
				044C21921C0FE9B4005BDC28 /* Release */,
			);
			defaultConfigurationIsVisible = 0;
			defaultConfigurationName = Release;
		};
		DE1573211BC6409E000A88AA /* Build configuration list for PBXProject "Aggregate" */ = {
			isa = XCConfigurationList;
			buildConfigurations = (
				DE15734F1BC6409F000A88AA /* Debug */,
				DE1573501BC6409F000A88AA /* Release */,
			);
			defaultConfigurationIsVisible = 0;
			defaultConfigurationName = Release;
		};
		DE1573511BC6409F000A88AA /* Build configuration list for PBXNativeTarget "Aggregate" */ = {
			isa = XCConfigurationList;
			buildConfigurations = (
				DE1573521BC6409F000A88AA /* Debug */,
				DE1573531BC6409F000A88AA /* Release */,
			);
			defaultConfigurationIsVisible = 0;
			defaultConfigurationName = Release;
		};
		DE1573541BC6409F000A88AA /* Build configuration list for PBXNativeTarget "AggregateTests" */ = {
			isa = XCConfigurationList;
			buildConfigurations = (
				DE1573551BC6409F000A88AA /* Debug */,
				DE1573561BC6409F000A88AA /* Release */,
			);
			defaultConfigurationIsVisible = 0;
			defaultConfigurationName = Release;
		};
		DE1573571BC6409F000A88AA /* Build configuration list for PBXNativeTarget "AggregateUITests" */ = {
			isa = XCConfigurationList;
			buildConfigurations = (
				DE1573581BC6409F000A88AA /* Debug */,
				DE1573591BC6409F000A88AA /* Release */,
			);
			defaultConfigurationIsVisible = 0;
			defaultConfigurationName = Release;
		};
/* End XCConfigurationList section */

/* Begin XCVersionGroup section */
		DE1573301BC6409F000A88AA /* Aggregate.xcdatamodeld */ = {
			isa = XCVersionGroup;
			children = (
				DE1573311BC6409F000A88AA /* Aggregate.xcdatamodel */,
			);
			currentVersion = DE1573311BC6409F000A88AA /* Aggregate.xcdatamodel */;
			path = Aggregate.xcdatamodeld;
			sourceTree = "<group>";
			versionGroupType = wrapper.xcdatamodel;
		};
/* End XCVersionGroup section */
	};
	rootObject = DE15731E1BC6409E000A88AA /* Project object */;
}
